Microsoft Visual Studio Solution File, Format Version 8.00
Project("{FAE04EC0-301F-11D3-BF4B-00C04F79EFBC}") = "HBOS.FS.AMP.Windows.Controls", "HBOS.FS.AMP.Windows.Controls\HBOS.FS.AMP.Windows.Controls.csproj", "{38B75920-A088-4994-8944-2CEDA680045F}"
	ProjectSection(ProjectDependencies) = postProject
	EndProjectSection
EndProject
Project("{FAE04EC0-301F-11D3-BF4B-00C04F79EFBC}") = "Dependencies", "Dependencies\Dependencies.csproj", "{DA42ECFB-B673-4F5D-9D5D-F33483AFD778}"
	ProjectSection(ProjectDependencies) = postProject
	EndProjectSection
EndProject
Project("{FAE04EC0-301F-11D3-BF4B-00C04F79EFBC}") = "Grid Demo", "Example Usage\Grid Demo\Grid Demo.csproj", "{63DC15DD-07D0-458F-9798-11F8913FC604}"
	ProjectSection(ProjectDependencies) = postProject
	EndProjectSection
EndProject
Global
	GlobalSection(SourceCodeControl) = preSolution
		SccNumberOfProjects = 4
		SccLocalPath0 = .
		CanCheckoutShared = false
		SolutionUniqueID = {85FFDBFC-527A-4020-8DCC-6AF71F793F1C}
		SccProjectUniqueName1 = Dependencies\\Dependencies.csproj
		SccLocalPath1 = .
		CanCheckoutShared = false
		SccProjectFilePathRelativizedFromConnection1 = Dependencies\\
		SccProjectUniqueName2 = HBOS.FS.AMP.Windows.Controls\\HBOS.FS.AMP.Windows.Controls.csproj
		SccProjectName2 = $/564_AssetManagementProject/HBOS.FS.AMP.Windows.Controls/HBOS.FS.AMP.Windows.Controls
		SccLocalPath2 = HBOS.FS.AMP.Windows.Controls
		CanCheckoutShared = false
		SccProjectUniqueName3 = Example\u0020Usage\\Grid\u0020Demo\\Grid\u0020Demo.csproj
		SccProjectName3 = $/564_AssetManagementProject/HBOS.FS.AMP.Windows.Controls/Example\u0020Usage/Grid\u0020Demo
		SccLocalPath3 = Example\u0020Usage\\Grid\u0020Demo
		CanCheckoutShared = false
	EndGlobalSection
	GlobalSection(SolutionConfiguration) = preSolution
		Debug = Debug
		Release = Release
	EndGlobalSection
	GlobalSection(ProjectConfiguration) = postSolution
		{38B75920-A088-4994-8944-2CEDA680045F}.Debug.ActiveCfg = Debug|.NET
		{38B75920-A088-4994-8944-2CEDA680045F}.Debug.Build.0 = Debug|.NET
		{38B75920-A088-4994-8944-2CEDA680045F}.Release.ActiveCfg = Release|.NET
		{38B75920-A088-4994-8944-2CEDA680045F}.Release.Build.0 = Release|.NET
		{DA42ECFB-B673-4F5D-9D5D-F33483AFD778}.Debug.ActiveCfg = Debug|.NET
		{DA42ECFB-B673-4F5D-9D5D-F33483AFD778}.Release.ActiveCfg = Release|.NET
		{63DC15DD-07D0-458F-9798-11F8913FC604}.Debug.ActiveCfg = Debug|.NET
		{63DC15DD-07D0-458F-9798-11F8913FC604}.Debug.Build.0 = Debug|.NET
		{63DC15DD-07D0-458F-9798-11F8913FC604}.Release.ActiveCfg = Release|.NET
		{63DC15DD-07D0-458F-9798-11F8913FC604}.Release.Build.0 = Release|.NET
	EndGlobalSection
	GlobalSection(ExtensibilityGlobals) = postSolution
	EndGlobalSection
	GlobalSection(ExtensibilityAddIns) = postSolution
	EndGlobalSection
EndGlobal
