
Microsoft Visual Studio Solution File, Format Version 9.00
# Visual Studio 2005
Project("{2150E333-8FDC-42A3-9474-1A3956D46DE8}") = "Business Objects", "Business Objects", "{25C8B377-7E69-474F-A3DF-46FA240B59CA}"
	ProjectSection(WebsiteProperties) = preProject
		Debug.AspNetCompiler.Debug = "True"
		Release.AspNetCompiler.Debug = "False"
	EndProjectSection
EndProject
Project("{FAE04EC0-301F-11D3-BF4B-00C04F79EFBC}") = "Discovery", "Business Objects\Discovery.csproj", "{8F73B782-2337-4D94-9FAF-F3ACE01119B7}"
	ProjectSection(WebsiteProperties) = preProject
		Debug.AspNetCompiler.Debug = "True"
		Release.AspNetCompiler.Debug = "False"
	EndProjectSection
EndProject
Project("{2150E333-8FDC-42A3-9474-1A3956D46DE8}") = "Data Access", "Data Access", "{1F6F1AC0-83A6-495B-A185-9406A520EBF9}"
	ProjectSection(WebsiteProperties) = preProject
		Debug.AspNetCompiler.Debug = "True"
		Release.AspNetCompiler.Debug = "False"
	EndProjectSection
EndProject
Project("{FAE04EC0-301F-11D3-BF4B-00C04F79EFBC}") = "Discovery.SQLDataAccessProvider", "Data Access\Discovery.SQLDataAccessProvider\Discovery.SQLDataAccessProvider.csproj", "{EE40C15E-7A06-4583-AC73-9B4C10AC6C3D}"
	ProjectSection(WebsiteProperties) = preProject
		Debug.AspNetCompiler.Debug = "True"
		Release.AspNetCompiler.Debug = "False"
	EndProjectSection
EndProject
Project("{4F174C21-8C12-11D0-8340-0000F80270F8}") = "DiscoveryDatabase", "Data Access\DiscoveryDatabase\DiscoveryDatabase.dbp", "{A78AA11C-A99A-491A-B9E0-81AC881087D8}"
	ProjectSection(WebsiteProperties) = preProject
		Debug.AspNetCompiler.Debug = "True"
		Release.AspNetCompiler.Debug = "False"
	EndProjectSection
EndProject
Project("{2150E333-8FDC-42A3-9474-1A3956D46DE8}") = "Deployment", "Deployment", "{962903CF-3771-4BD2-AD37-785E649D437E}"
	ProjectSection(WebsiteProperties) = preProject
		Debug.AspNetCompiler.Debug = "True"
		Release.AspNetCompiler.Debug = "False"
	EndProjectSection
EndProject
Project("{2CFEAB61-6A3B-4EB8-B523-560B4BEEF521}") = "Discovery.UI_deployment", "Deployment\Discovery.UI_deployment\Discovery.UI_deployment.wdproj", "{475C3EE0-BF1D-48B1-B87C-0DC2D588F3F9}"
	ProjectSection(WebsiteProperties) = preProject
		Debug.AspNetCompiler.Debug = "True"
		Release.AspNetCompiler.Debug = "False"
	EndProjectSection
EndProject
Project("{2150E333-8FDC-42A3-9474-1A3956D46DE8}") = "Integration", "Integration", "{718BCAD0-B2C8-497C-BACE-70FCF0387A11}"
	ProjectSection(WebsiteProperties) = preProject
		Debug.AspNetCompiler.Debug = "True"
		Release.AspNetCompiler.Debug = "False"
	EndProjectSection
EndProject
Project("{FAE04EC0-301F-11D3-BF4B-00C04F79EFBC}") = "Discovery.Integration", "Integration\Discovery.Integration\Discovery.Integration.csproj", "{E275D0E0-5C75-488B-BCB1-80DFB9AF4A7F}"
	ProjectSection(WebsiteProperties) = preProject
		Debug.AspNetCompiler.Debug = "True"
		Release.AspNetCompiler.Debug = "False"
	EndProjectSection
EndProject
Project("{FAE04EC0-301F-11D3-BF4B-00C04F79EFBC}") = "Discovery.Integration.Service", "Integration\Discovery.Integration.Service\Discovery.Integration.Service.csproj", "{813868D4-6CCA-4062-ACD2-E21CED488BCC}"
	ProjectSection(WebsiteProperties) = preProject
		Debug.AspNetCompiler.Debug = "True"
		Release.AspNetCompiler.Debug = "False"
	EndProjectSection
EndProject
Project("{FAE04EC0-301F-11D3-BF4B-00C04F79EFBC}") = "Discovery.Integration.Testharness", "Integration\Discovery.Integration.Testharness\Discovery.Integration.Testharness.csproj", "{3DA8B1E6-4752-4D64-ACC1-CCE28ABA8B8B}"
	ProjectSection(WebsiteProperties) = preProject
		Debug.AspNetCompiler.Debug = "True"
		Release.AspNetCompiler.Debug = "False"
	EndProjectSection
EndProject
Project("{2150E333-8FDC-42A3-9474-1A3956D46DE8}") = "Presentation", "Presentation", "{59D1D962-7DD7-49D3-B88D-7692B8680A95}"
	ProjectSection(WebsiteProperties) = preProject
		Debug.AspNetCompiler.Debug = "True"
		Release.AspNetCompiler.Debug = "False"
	EndProjectSection
EndProject
Project("{FAE04EC0-301F-11D3-BF4B-00C04F79EFBC}") = "Discovery.Web.UI.CustomControls", "Presentation\Discovery.Web.UI.CustomControls\Discovery.Web.UI.CustomControls.csproj", "{363F0E54-D29E-49F5-B691-0A87D9B81C74}"
	ProjectSection(WebsiteProperties) = preProject
		Debug.AspNetCompiler.Debug = "True"
		Release.AspNetCompiler.Debug = "False"
	EndProjectSection
EndProject
Project("{2150E333-8FDC-42A3-9474-1A3956D46DE8}") = "Request Management", "Request Management", "{B15DA328-5235-4756-8C50-7D92D07CAC4A}"
	ProjectSection(WebsiteProperties) = preProject
		Debug.AspNetCompiler.Debug = "True"
		Release.AspNetCompiler.Debug = "False"
	EndProjectSection
EndProject
Project("{FAE04EC0-301F-11D3-BF4B-00C04F79EFBC}") = "Discovery.RequestManager", "RequestManagement\Discovery.RequestManager\Discovery.RequestManager.csproj", "{2DE01D34-8BB3-45C7-9E2F-47007157A174}"
	ProjectSection(WebsiteProperties) = preProject
		Debug.AspNetCompiler.Debug = "True"
		Release.AspNetCompiler.Debug = "False"
	EndProjectSection
EndProject
Project("{FAE04EC0-301F-11D3-BF4B-00C04F79EFBC}") = "Discovery.RequestManager.Service", "RequestManagement\Discovery.RequestManager.Service\Discovery.RequestManager.Service.csproj", "{4AFBAB66-CBCC-4BC4-BDBB-A39A95214B81}"
	ProjectSection(WebsiteProperties) = preProject
		Debug.AspNetCompiler.Debug = "True"
		Release.AspNetCompiler.Debug = "False"
	EndProjectSection
EndProject
Project("{FAE04EC0-301F-11D3-BF4B-00C04F79EFBC}") = "Discovery.RequestManager.TestHarness", "RequestManagement\Discovery.RequestManager.TestHarness\Discovery.RequestManager.TestHarness.csproj", "{4DCB5955-4E16-4236-84B1-3EE02E2A10D7}"
	ProjectSection(WebsiteProperties) = preProject
		Debug.AspNetCompiler.Debug = "True"
		Release.AspNetCompiler.Debug = "False"
	EndProjectSection
EndProject
Project("{FAE04EC0-301F-11D3-BF4B-00C04F79EFBC}") = "Discovery.RequestManagerClient", "RequestManagement\Discovery.RequestManagerClient\Discovery.RequestManagerClient.csproj", "{E811F3B8-5C4D-419E-8F8E-BDA0EE467163}"
	ProjectSection(WebsiteProperties) = preProject
		Debug.AspNetCompiler.Debug = "True"
		Release.AspNetCompiler.Debug = "False"
	EndProjectSection
EndProject
Project("{FAE04EC0-301F-11D3-BF4B-00C04F79EFBC}") = "Discovery.RequestManagerClient.TestHarness", "RequestManagement\Discovery.RequestManagerClient.TestHarness\Discovery.RequestManagerClient.TestHarness.csproj", "{0C169D9C-3AD0-4331-AB0A-9BF3ECA7493F}"
	ProjectSection(WebsiteProperties) = preProject
		Debug.AspNetCompiler.Debug = "True"
		Release.AspNetCompiler.Debug = "False"
	EndProjectSection
EndProject
Project("{2150E333-8FDC-42A3-9474-1A3956D46DE8}") = "Scheduling", "Scheduling", "{39483569-4434-4F5A-9084-D7EA4CFA1FFA}"
	ProjectSection(WebsiteProperties) = preProject
		Debug.AspNetCompiler.Debug = "True"
		Release.AspNetCompiler.Debug = "False"
	EndProjectSection
EndProject
Project("{FAE04EC0-301F-11D3-BF4B-00C04F79EFBC}") = "Discovery.Scheduling", "Scheduling\Discovery.Scheduling\Discovery.Scheduling.csproj", "{F642958F-5D37-46B2-B4B1-21B7A40DC571}"
	ProjectSection(WebsiteProperties) = preProject
		Debug.AspNetCompiler.Debug = "True"
		Release.AspNetCompiler.Debug = "False"
	EndProjectSection
EndProject
Project("{2150E333-8FDC-42A3-9474-1A3956D46DE8}") = "Solution Items", "Solution Items", "{B9F71CB8-6E0D-4670-B65E-46FFC558ABDC}"
	ProjectSection(WebsiteProperties) = preProject
		Debug.AspNetCompiler.Debug = "True"
		Release.AspNetCompiler.Debug = "False"
	EndProjectSection
	ProjectSection(SolutionItems) = preProject
		Solution Items\ccnet.config = Solution Items\ccnet.config
		Solution Items\dashboard.config = Solution Items\dashboard.config
		Solution Items\Discovery.MSBuild.Development.proj = Solution Items\Discovery.MSBuild.Development.proj
		Solution Items\Discovery.resharper.user = Solution Items\Discovery.resharper.user
		Solution Items\MoveUIProject.bat = Solution Items\MoveUIProject.bat
		Solution Items\NCoverExplorer.MSBuildTasks.dll = Solution Items\NCoverExplorer.MSBuildTasks.dll
		Solution Items\qalicn.ini = Solution Items\qalicn.ini
		Solution Items\QAWORLD.INI = Solution Items\QAWORLD.INI
		Solution Items\SiteMapSchema.xsd = Solution Items\SiteMapSchema.xsd
		Solution Items\SiteMapSchema.xsx = Solution Items\SiteMapSchema.xsx
		Solution Items\Steps.txt = Solution Items\Steps.txt
		Solution Items\ThoughtWorks.CruiseControl.MSBuild.dll = Solution Items\ThoughtWorks.CruiseControl.MSBuild.dll
	EndProjectSection
EndProject
Project("{2150E333-8FDC-42A3-9474-1A3956D46DE8}") = "Dependencies", "Dependencies", "{92C56B46-D031-4BBD-B23A-0C0419F6430E}"
	ProjectSection(WebsiteProperties) = preProject
		Debug.AspNetCompiler.Debug = "True"
		Release.AspNetCompiler.Debug = "False"
	EndProjectSection
	ProjectSection(SolutionItems) = preProject
		Solution Items\Dependencies\AjaxControlToolkit.dll = Solution Items\Dependencies\AjaxControlToolkit.dll
		Solution Items\Dependencies\Microsoft.Practices.EnterpriseLibrary.Caching.Configuration.Design.dll = Solution Items\Dependencies\Microsoft.Practices.EnterpriseLibrary.Caching.Configuration.Design.dll
		Solution Items\Dependencies\Microsoft.Practices.EnterpriseLibrary.Caching.Cryptography.Configuration.Design.dll = Solution Items\Dependencies\Microsoft.Practices.EnterpriseLibrary.Caching.Cryptography.Configuration.Design.dll
		Solution Items\Dependencies\Microsoft.Practices.EnterpriseLibrary.Caching.Cryptography.dll = Solution Items\Dependencies\Microsoft.Practices.EnterpriseLibrary.Caching.Cryptography.dll
		Solution Items\Dependencies\Microsoft.Practices.EnterpriseLibrary.Caching.Database.Configuration.Design.dll = Solution Items\Dependencies\Microsoft.Practices.EnterpriseLibrary.Caching.Database.Configuration.Design.dll
		Solution Items\Dependencies\Microsoft.Practices.EnterpriseLibrary.Caching.Database.dll = Solution Items\Dependencies\Microsoft.Practices.EnterpriseLibrary.Caching.Database.dll
		Solution Items\Dependencies\Microsoft.Practices.EnterpriseLibrary.Caching.dll = Solution Items\Dependencies\Microsoft.Practices.EnterpriseLibrary.Caching.dll
		Solution Items\Dependencies\Microsoft.Practices.EnterpriseLibrary.Common.dll = Solution Items\Dependencies\Microsoft.Practices.EnterpriseLibrary.Common.dll
		Solution Items\Dependencies\Microsoft.Practices.EnterpriseLibrary.Configuration.Design.dll = Solution Items\Dependencies\Microsoft.Practices.EnterpriseLibrary.Configuration.Design.dll
		Solution Items\Dependencies\Microsoft.Practices.EnterpriseLibrary.Data.Configuration.Design.dll = Solution Items\Dependencies\Microsoft.Practices.EnterpriseLibrary.Data.Configuration.Design.dll
		Solution Items\Dependencies\Microsoft.Practices.EnterpriseLibrary.Data.dll = Solution Items\Dependencies\Microsoft.Practices.EnterpriseLibrary.Data.dll
		Solution Items\Dependencies\Microsoft.Practices.EnterpriseLibrary.ExceptionHandling.Configuration.Design.dll = Solution Items\Dependencies\Microsoft.Practices.EnterpriseLibrary.ExceptionHandling.Configuration.Design.dll
		Solution Items\Dependencies\Microsoft.Practices.EnterpriseLibrary.ExceptionHandling.dll = Solution Items\Dependencies\Microsoft.Practices.EnterpriseLibrary.ExceptionHandling.dll
		Solution Items\Dependencies\Microsoft.Practices.EnterpriseLibrary.ExceptionHandling.Logging.Configuration.Design.dll = Solution Items\Dependencies\Microsoft.Practices.EnterpriseLibrary.ExceptionHandling.Logging.Configuration.Design.dll
		Solution Items\Dependencies\Microsoft.Practices.EnterpriseLibrary.ExceptionHandling.Logging.dll = Solution Items\Dependencies\Microsoft.Practices.EnterpriseLibrary.ExceptionHandling.Logging.dll
		Solution Items\Dependencies\Microsoft.Practices.EnterpriseLibrary.Logging.Configuration.Design.dll = Solution Items\Dependencies\Microsoft.Practices.EnterpriseLibrary.Logging.Configuration.Design.dll
		Solution Items\Dependencies\Microsoft.Practices.EnterpriseLibrary.Logging.Database.Configuration.Design.dll = Solution Items\Dependencies\Microsoft.Practices.EnterpriseLibrary.Logging.Database.Configuration.Design.dll
		Solution Items\Dependencies\Microsoft.Practices.EnterpriseLibrary.Logging.Database.dll = Solution Items\Dependencies\Microsoft.Practices.EnterpriseLibrary.Logging.Database.dll
		Solution Items\Dependencies\Microsoft.Practices.EnterpriseLibrary.Logging.dll = Solution Items\Dependencies\Microsoft.Practices.EnterpriseLibrary.Logging.dll
		Solution Items\Dependencies\Microsoft.Practices.EnterpriseLibrary.Security.Cache.CachingStore.Configuration.Design.dll = Solution Items\Dependencies\Microsoft.Practices.EnterpriseLibrary.Security.Cache.CachingStore.Configuration.Design.dll
		Solution Items\Dependencies\Microsoft.Practices.EnterpriseLibrary.Security.Cache.CachingStore.dll = Solution Items\Dependencies\Microsoft.Practices.EnterpriseLibrary.Security.Cache.CachingStore.dll
		Solution Items\Dependencies\Microsoft.Practices.EnterpriseLibrary.Security.Configuration.Design.dll = Solution Items\Dependencies\Microsoft.Practices.EnterpriseLibrary.Security.Configuration.Design.dll
		Solution Items\Dependencies\Microsoft.Practices.EnterpriseLibrary.Security.Cryptography.Configuration.Design.dll = Solution Items\Dependencies\Microsoft.Practices.EnterpriseLibrary.Security.Cryptography.Configuration.Design.dll
		Solution Items\Dependencies\Microsoft.Practices.EnterpriseLibrary.Security.Cryptography.dll = Solution Items\Dependencies\Microsoft.Practices.EnterpriseLibrary.Security.Cryptography.dll
		Solution Items\Dependencies\Microsoft.Practices.EnterpriseLibrary.Security.dll = Solution Items\Dependencies\Microsoft.Practices.EnterpriseLibrary.Security.dll
		Solution Items\Dependencies\Microsoft.Practices.EnterpriseLibrary.SqlConfigurationSource.dll = Solution Items\Dependencies\Microsoft.Practices.EnterpriseLibrary.SqlConfigurationSource.dll
		Solution Items\Dependencies\Microsoft.Practices.ObjectBuilder.dll = Solution Items\Dependencies\Microsoft.Practices.ObjectBuilder.dll
		Solution Items\Dependencies\Microsoft.Web.Extensions.Design.dll = Solution Items\Dependencies\Microsoft.Web.Extensions.Design.dll
		Solution Items\Dependencies\RJS.Web.WebControl.PopCalendar.dll = Solution Items\Dependencies\RJS.Web.WebControl.PopCalendar.dll
	EndProjectSection
EndProject
Project("{2150E333-8FDC-42A3-9474-1A3956D46DE8}") = "Staging", "Staging", "{CE810334-5DCE-435B-97B7-382A5340FB9C}"
	ProjectSection(WebsiteProperties) = preProject
		Debug.AspNetCompiler.Debug = "True"
		Release.AspNetCompiler.Debug = "False"
	EndProjectSection
	ProjectSection(SolutionItems) = preProject
		Solution Items\Staging\CleanStaging.bat = Solution Items\Staging\CleanStaging.bat
		Solution Items\Staging\CopyHelp.bat = Solution Items\Staging\CopyHelp.bat
		Solution Items\Staging\Discovery.MSBuild.Staging.proj = Solution Items\Staging\Discovery.MSBuild.Staging.proj
		Solution Items\Staging\SandcastleHelpFile.shfb = Solution Items\Staging\SandcastleHelpFile.shfb
		Solution Items\Staging\StagingBuildSolution.bat = Solution Items\Staging\StagingBuildSolution.bat
		stagingConfigurationSource.config = stagingConfigurationSource.config
		Solution Items\Staging\stagingConnectionStrings.config = Solution Items\Staging\stagingConnectionStrings.config
	EndProjectSection
EndProject
Project("{2150E333-8FDC-42A3-9474-1A3956D46DE8}") = "Support", "Support", "{FF881102-B42A-48CD-A771-21E9786950C9}"
	ProjectSection(WebsiteProperties) = preProject
		Debug.AspNetCompiler.Debug = "True"
		Release.AspNetCompiler.Debug = "False"
	EndProjectSection
EndProject
Project("{FAE04EC0-301F-11D3-BF4B-00C04F79EFBC}") = "Discovery.Utility", "Support\Discovery.Utility\Discovery.Utility.csproj", "{32C42ABF-759E-45A0-BF96-E091BD2DADB1}"
	ProjectSection(WebsiteProperties) = preProject
		Debug.AspNetCompiler.Debug = "True"
		Release.AspNetCompiler.Debug = "False"
	EndProjectSection
EndProject
Project("{FAE04EC0-301F-11D3-BF4B-00C04F79EFBC}") = "ValidationFramework", "Support\ValidationFramework\ValidationFramework.csproj", "{2142749B-022E-4033-BB19-8A0436661020}"
	ProjectSection(WebsiteProperties) = preProject
		Debug.AspNetCompiler.Debug = "True"
		Release.AspNetCompiler.Debug = "False"
	EndProjectSection
EndProject
Project("{2150E333-8FDC-42A3-9474-1A3956D46DE8}") = "Testing", "Testing", "{2AD5733F-9753-4BC1-81E9-C89D25523CF2}"
	ProjectSection(WebsiteProperties) = preProject
		Debug.AspNetCompiler.Debug = "True"
		Release.AspNetCompiler.Debug = "False"
	EndProjectSection
EndProject
Project("{FAE04EC0-301F-11D3-BF4B-00C04F79EFBC}") = "Discovery.NonWorkingDay.Test", "Testing\Discovery.NonWorkingDay.Test\Discovery.NonWorkingDay.Test.csproj", "{18F425B1-7E37-40B0-9E70-CC472970108C}"
	ProjectSection(WebsiteProperties) = preProject
		Debug.AspNetCompiler.Debug = "True"
		Release.AspNetCompiler.Debug = "False"
	EndProjectSection
EndProject
Project("{FAE04EC0-301F-11D3-BF4B-00C04F79EFBC}") = "Discovery.UnitTests", "Testing\Discovery.UnitTests\Discovery.UnitTests.csproj", "{76261BBB-96C8-4818-BD6F-6120112CAE93}"
	ProjectSection(WebsiteProperties) = preProject
		Debug.AspNetCompiler.Debug = "True"
		Release.AspNetCompiler.Debug = "False"
	EndProjectSection
EndProject
Project("{54435603-DBB4-11D2-8724-00A0C9A8B90C}") = "Discovery.Integration.Setup", "Deployment\Discovery.IntegrationSetup\Discovery.IntegrationSetup.vdproj", "{4912119D-6A5D-4126-BB41-A547C2B9B9B0}"
	ProjectSection(WebsiteProperties) = preProject
		Debug.AspNetCompiler.Debug = "True"
		Release.AspNetCompiler.Debug = "False"
	EndProjectSection
EndProject
Project("{54435603-DBB4-11D2-8724-00A0C9A8B90C}") = "Discovery.RequestManager.Setup", "Deployment\Discovery.RequestManagerSetup\Discovery.RequestManagerSetup.vdproj", "{E891081B-BE0E-4B91-BC28-EBAF90C25D9F}"
	ProjectSection(WebsiteProperties) = preProject
		Debug.AspNetCompiler.Debug = "True"
		Release.AspNetCompiler.Debug = "False"
	EndProjectSection
EndProject
Project("{E24C65DC-7377-472B-9ABA-BC803B73C61A}") = "http://localhost/Discovery.UI/", "http://localhost/Discovery.UI", "{715E8CF5-A46B-4A78-804C-9F02EAD31363}"
	ProjectSection(WebsiteProperties) = preProject
		SccProjectName = ""
		SccAuxPath = ""
		SccLocalPath = ""
		SccProvider = ""
		ProjectReferences = "{8F73B782-2337-4D94-9FAF-F3ACE01119B7}|Discovery.dll;{363F0E54-D29E-49F5-B691-0A87D9B81C74}|Discovery.Web.UI.CustomControls.dll;{EE40C15E-7A06-4583-AC73-9B4C10AC6C3D}|Discovery.SQLDataAccessProvider.dll;{F642958F-5D37-46B2-B4B1-21B7A40DC571}|Discovery.Scheduling.dll;"
		Debug.AspNetCompiler.VirtualPath = "/Discovery.UI"
		Debug.AspNetCompiler.PhysicalPath = "..\Discovery.UI\"
		Debug.AspNetCompiler.TargetPath = "PrecompiledWeb\Discovery.UI\"
		Debug.AspNetCompiler.Updateable = "true"
		Debug.AspNetCompiler.ForceOverwrite = "true"
		Debug.AspNetCompiler.FixedNames = "false"
		Debug.AspNetCompiler.Debug = "True"
		Release.AspNetCompiler.VirtualPath = "/Discovery.UI"
		Release.AspNetCompiler.PhysicalPath = "..\Discovery.UI\"
		Release.AspNetCompiler.TargetPath = "PrecompiledWeb\Discovery.UI\"
		Release.AspNetCompiler.Updateable = "true"
		Release.AspNetCompiler.ForceOverwrite = "true"
		Release.AspNetCompiler.FixedNames = "false"
		Release.AspNetCompiler.Debug = "False"
		SlnRelativePath = "..\Discovery.UI\"
		DefaultWebSiteLanguage = "Visual C#"
	EndProjectSection
EndProject
Project("{FAE04EC0-301F-11D3-BF4B-00C04F79EFBC}") = "Discovery.Scheduling.TestHarness", "Scheduling\Discovery.Scheduling.TestHarness\Discovery.Scheduling.TestHarness\Discovery.Scheduling.TestHarness.csproj", "{817CB60D-D3BE-46C4-9E79-39F7C1B3DE57}"
	ProjectSection(WebsiteProperties) = preProject
		Debug.AspNetCompiler.Debug = "True"
		Release.AspNetCompiler.Debug = "False"
	EndProjectSection
EndProject
Project("{FAE04EC0-301F-11D3-BF4B-00C04F79EFBC}") = "ASPNET.SQLDataAccessProvider", "Data Access\ASPNET.SQLDataAccessProvider\ASPNET.SQLDataAccessProvider.csproj", "{92564125-45E4-41C9-A071-22618EB16DDC}"
	ProjectSection(WebsiteProperties) = preProject
		Debug.AspNetCompiler.Debug = "True"
		Release.AspNetCompiler.Debug = "False"
	EndProjectSection
EndProject
Global
	GlobalSection(SourceCodeControl) = preSolution
		SccNumberOfProjects = 1
		SccProjectUniqueName0 = RequestManagement\\Discovery.RequestManager.TestHarness\\Discovery.RequestManager.TestHarness.csproj
		SccProjectTopLevelParentUniqueName0 = Discovery.sln
		SccProjectName0 = \u0022$/Management\u0020Server/Discovery\u0022,\u0020XXQAAAAA
		SccLocalPath0 = .
		SccProvider0 = MSSCCI:Microsoft\u0020Visual\u0020SourceSafe
		SccProjectFilePathRelativizedFromConnection0 = RequestManagement\\Discovery.RequestManager.TestHarness\\
	EndGlobalSection
	GlobalSection(SolutionConfigurationPlatforms) = preSolution
		Debug|.NET = Debug|.NET
		Debug|Any CPU = Debug|Any CPU
		Debug|Mixed Platforms = Debug|Mixed Platforms
		Release|.NET = Release|.NET
		Release|Any CPU = Release|Any CPU
		Release|Mixed Platforms = Release|Mixed Platforms
		RM|.NET = RM|.NET
		RM|Any CPU = RM|Any CPU
		RM|Mixed Platforms = RM|Mixed Platforms
		Staging|.NET = Staging|.NET
		Staging|Any CPU = Staging|Any CPU
		Staging|Mixed Platforms = Staging|Mixed Platforms
		Trung|.NET = Trung|.NET
		Trung|Any CPU = Trung|Any CPU
		Trung|Mixed Platforms = Trung|Mixed Platforms
	EndGlobalSection
	GlobalSection(ProjectConfigurationPlatforms) = postSolution
		{8F73B782-2337-4D94-9FAF-F3ACE01119B7}.Debug|.NET.ActiveCfg = Debug|Any CPU
		{8F73B782-2337-4D94-9FAF-F3ACE01119B7}.Debug|Any CPU.ActiveCfg = Debug|Any CPU
		{8F73B782-2337-4D94-9FAF-F3ACE01119B7}.Debug|Any CPU.Build.0 = Debug|Any CPU
		{8F73B782-2337-4D94-9FAF-F3ACE01119B7}.Debug|Mixed Platforms.ActiveCfg = Debug|Any CPU
		{8F73B782-2337-4D94-9FAF-F3ACE01119B7}.Debug|Mixed Platforms.Build.0 = Debug|Any CPU
		{8F73B782-2337-4D94-9FAF-F3ACE01119B7}.Release|.NET.ActiveCfg = Release|Any CPU
		{8F73B782-2337-4D94-9FAF-F3ACE01119B7}.Release|Any CPU.ActiveCfg = Release|Any CPU
		{8F73B782-2337-4D94-9FAF-F3ACE01119B7}.Release|Any CPU.Build.0 = Release|Any CPU
		{8F73B782-2337-4D94-9FAF-F3ACE01119B7}.Release|Mixed Platforms.ActiveCfg = Release|Any CPU
		{8F73B782-2337-4D94-9FAF-F3ACE01119B7}.Release|Mixed Platforms.Build.0 = Release|Any CPU
		{8F73B782-2337-4D94-9FAF-F3ACE01119B7}.RM|.NET.ActiveCfg = RM|Any CPU
		{8F73B782-2337-4D94-9FAF-F3ACE01119B7}.RM|Any CPU.ActiveCfg = Debug|Any CPU
		{8F73B782-2337-4D94-9FAF-F3ACE01119B7}.RM|Any CPU.Build.0 = Debug|Any CPU
		{8F73B782-2337-4D94-9FAF-F3ACE01119B7}.RM|Mixed Platforms.ActiveCfg = RM|Any CPU
		{8F73B782-2337-4D94-9FAF-F3ACE01119B7}.RM|Mixed Platforms.Build.0 = RM|Any CPU
		{8F73B782-2337-4D94-9FAF-F3ACE01119B7}.Staging|.NET.ActiveCfg = Staging|Any CPU
		{8F73B782-2337-4D94-9FAF-F3ACE01119B7}.Staging|Any CPU.ActiveCfg = Staging|Any CPU
		{8F73B782-2337-4D94-9FAF-F3ACE01119B7}.Staging|Any CPU.Build.0 = Staging|Any CPU
		{8F73B782-2337-4D94-9FAF-F3ACE01119B7}.Staging|Mixed Platforms.ActiveCfg = Staging|Any CPU
		{8F73B782-2337-4D94-9FAF-F3ACE01119B7}.Staging|Mixed Platforms.Build.0 = Staging|Any CPU
		{8F73B782-2337-4D94-9FAF-F3ACE01119B7}.Trung|.NET.ActiveCfg = Trung|Any CPU
		{8F73B782-2337-4D94-9FAF-F3ACE01119B7}.Trung|Any CPU.ActiveCfg = Debug|Any CPU
		{8F73B782-2337-4D94-9FAF-F3ACE01119B7}.Trung|Any CPU.Build.0 = Debug|Any CPU
		{8F73B782-2337-4D94-9FAF-F3ACE01119B7}.Trung|Mixed Platforms.ActiveCfg = Trung|Any CPU
		{8F73B782-2337-4D94-9FAF-F3ACE01119B7}.Trung|Mixed Platforms.Build.0 = Trung|Any CPU
		{EE40C15E-7A06-4583-AC73-9B4C10AC6C3D}.Debug|.NET.ActiveCfg = Debug|Any CPU
		{EE40C15E-7A06-4583-AC73-9B4C10AC6C3D}.Debug|Any CPU.ActiveCfg = Debug|Any CPU
		{EE40C15E-7A06-4583-AC73-9B4C10AC6C3D}.Debug|Any CPU.Build.0 = Debug|Any CPU
		{EE40C15E-7A06-4583-AC73-9B4C10AC6C3D}.Debug|Mixed Platforms.ActiveCfg = Debug|Any CPU
		{EE40C15E-7A06-4583-AC73-9B4C10AC6C3D}.Debug|Mixed Platforms.Build.0 = Debug|Any CPU
		{EE40C15E-7A06-4583-AC73-9B4C10AC6C3D}.Release|.NET.ActiveCfg = Release|Any CPU
		{EE40C15E-7A06-4583-AC73-9B4C10AC6C3D}.Release|Any CPU.ActiveCfg = Release|Any CPU
		{EE40C15E-7A06-4583-AC73-9B4C10AC6C3D}.Release|Any CPU.Build.0 = Release|Any CPU
		{EE40C15E-7A06-4583-AC73-9B4C10AC6C3D}.Release|Mixed Platforms.ActiveCfg = Release|Any CPU
		{EE40C15E-7A06-4583-AC73-9B4C10AC6C3D}.Release|Mixed Platforms.Build.0 = Release|Any CPU
		{EE40C15E-7A06-4583-AC73-9B4C10AC6C3D}.RM|.NET.ActiveCfg = RM|Any CPU
		{EE40C15E-7A06-4583-AC73-9B4C10AC6C3D}.RM|Any CPU.ActiveCfg = Debug|Any CPU
		{EE40C15E-7A06-4583-AC73-9B4C10AC6C3D}.RM|Any CPU.Build.0 = Debug|Any CPU
		{EE40C15E-7A06-4583-AC73-9B4C10AC6C3D}.RM|Mixed Platforms.ActiveCfg = RM|Any CPU
		{EE40C15E-7A06-4583-AC73-9B4C10AC6C3D}.RM|Mixed Platforms.Build.0 = RM|Any CPU
		{EE40C15E-7A06-4583-AC73-9B4C10AC6C3D}.Staging|.NET.ActiveCfg = Staging|Any CPU
		{EE40C15E-7A06-4583-AC73-9B4C10AC6C3D}.Staging|Any CPU.ActiveCfg = Staging|Any CPU
		{EE40C15E-7A06-4583-AC73-9B4C10AC6C3D}.Staging|Any CPU.Build.0 = Staging|Any CPU
		{EE40C15E-7A06-4583-AC73-9B4C10AC6C3D}.Staging|Mixed Platforms.ActiveCfg = Staging|Any CPU
		{EE40C15E-7A06-4583-AC73-9B4C10AC6C3D}.Staging|Mixed Platforms.Build.0 = Staging|Any CPU
		{EE40C15E-7A06-4583-AC73-9B4C10AC6C3D}.Trung|.NET.ActiveCfg = Trung|Any CPU
		{EE40C15E-7A06-4583-AC73-9B4C10AC6C3D}.Trung|Any CPU.ActiveCfg = Debug|Any CPU
		{EE40C15E-7A06-4583-AC73-9B4C10AC6C3D}.Trung|Any CPU.Build.0 = Debug|Any CPU
		{EE40C15E-7A06-4583-AC73-9B4C10AC6C3D}.Trung|Mixed Platforms.ActiveCfg = Trung|Any CPU
		{EE40C15E-7A06-4583-AC73-9B4C10AC6C3D}.Trung|Mixed Platforms.Build.0 = Trung|Any CPU
		{475C3EE0-BF1D-48B1-B87C-0DC2D588F3F9}.Debug|.NET.ActiveCfg = Staging|Any CPU
		{475C3EE0-BF1D-48B1-B87C-0DC2D588F3F9}.Debug|Any CPU.ActiveCfg = Staging|Any CPU
		{475C3EE0-BF1D-48B1-B87C-0DC2D588F3F9}.Debug|Mixed Platforms.ActiveCfg = Staging|Any CPU
		{475C3EE0-BF1D-48B1-B87C-0DC2D588F3F9}.Release|.NET.ActiveCfg = Staging|Any CPU
		{475C3EE0-BF1D-48B1-B87C-0DC2D588F3F9}.Release|Any CPU.ActiveCfg = Staging|Any CPU
		{475C3EE0-BF1D-48B1-B87C-0DC2D588F3F9}.Release|Any CPU.Build.0 = Staging|Any CPU
		{475C3EE0-BF1D-48B1-B87C-0DC2D588F3F9}.Release|Mixed Platforms.ActiveCfg = Staging|Any CPU
		{475C3EE0-BF1D-48B1-B87C-0DC2D588F3F9}.Release|Mixed Platforms.Build.0 = Staging|Any CPU
		{475C3EE0-BF1D-48B1-B87C-0DC2D588F3F9}.RM|.NET.ActiveCfg = RM|Any CPU
		{475C3EE0-BF1D-48B1-B87C-0DC2D588F3F9}.RM|Any CPU.ActiveCfg = RM|Any CPU
		{475C3EE0-BF1D-48B1-B87C-0DC2D588F3F9}.RM|Mixed Platforms.ActiveCfg = RM|Any CPU
		{475C3EE0-BF1D-48B1-B87C-0DC2D588F3F9}.RM|Mixed Platforms.Build.0 = RM|Any CPU
		{475C3EE0-BF1D-48B1-B87C-0DC2D588F3F9}.Staging|.NET.ActiveCfg = Staging|Any CPU
		{475C3EE0-BF1D-48B1-B87C-0DC2D588F3F9}.Staging|Any CPU.ActiveCfg = Staging|Any CPU
		{475C3EE0-BF1D-48B1-B87C-0DC2D588F3F9}.Staging|Any CPU.Build.0 = Staging|Any CPU
		{475C3EE0-BF1D-48B1-B87C-0DC2D588F3F9}.Staging|Mixed Platforms.ActiveCfg = Staging|Any CPU
		{475C3EE0-BF1D-48B1-B87C-0DC2D588F3F9}.Staging|Mixed Platforms.Build.0 = Staging|Any CPU
		{475C3EE0-BF1D-48B1-B87C-0DC2D588F3F9}.Trung|.NET.ActiveCfg = RM|Any CPU
		{475C3EE0-BF1D-48B1-B87C-0DC2D588F3F9}.Trung|Any CPU.ActiveCfg = Staging|Any CPU
		{475C3EE0-BF1D-48B1-B87C-0DC2D588F3F9}.Trung|Mixed Platforms.ActiveCfg = RM|Any CPU
		{475C3EE0-BF1D-48B1-B87C-0DC2D588F3F9}.Trung|Mixed Platforms.Build.0 = RM|Any CPU
		{E275D0E0-5C75-488B-BCB1-80DFB9AF4A7F}.Debug|.NET.ActiveCfg = Debug|Any CPU
		{E275D0E0-5C75-488B-BCB1-80DFB9AF4A7F}.Debug|Any CPU.ActiveCfg = Debug|Any CPU
		{E275D0E0-5C75-488B-BCB1-80DFB9AF4A7F}.Debug|Any CPU.Build.0 = Debug|Any CPU
		{E275D0E0-5C75-488B-BCB1-80DFB9AF4A7F}.Debug|Mixed Platforms.ActiveCfg = Debug|Any CPU
		{E275D0E0-5C75-488B-BCB1-80DFB9AF4A7F}.Debug|Mixed Platforms.Build.0 = Debug|Any CPU
		{E275D0E0-5C75-488B-BCB1-80DFB9AF4A7F}.Release|.NET.ActiveCfg = Release|Any CPU
		{E275D0E0-5C75-488B-BCB1-80DFB9AF4A7F}.Release|Any CPU.ActiveCfg = Release|Any CPU
		{E275D0E0-5C75-488B-BCB1-80DFB9AF4A7F}.Release|Any CPU.Build.0 = Release|Any CPU
		{E275D0E0-5C75-488B-BCB1-80DFB9AF4A7F}.Release|Mixed Platforms.ActiveCfg = Release|Any CPU
		{E275D0E0-5C75-488B-BCB1-80DFB9AF4A7F}.Release|Mixed Platforms.Build.0 = Release|Any CPU
		{E275D0E0-5C75-488B-BCB1-80DFB9AF4A7F}.RM|.NET.ActiveCfg = RM|Any CPU
		{E275D0E0-5C75-488B-BCB1-80DFB9AF4A7F}.RM|Any CPU.ActiveCfg = Debug|Any CPU
		{E275D0E0-5C75-488B-BCB1-80DFB9AF4A7F}.RM|Any CPU.Build.0 = Debug|Any CPU
		{E275D0E0-5C75-488B-BCB1-80DFB9AF4A7F}.RM|Mixed Platforms.ActiveCfg = RM|Any CPU
		{E275D0E0-5C75-488B-BCB1-80DFB9AF4A7F}.RM|Mixed Platforms.Build.0 = RM|Any CPU
		{E275D0E0-5C75-488B-BCB1-80DFB9AF4A7F}.Staging|.NET.ActiveCfg = Staging|Any CPU
		{E275D0E0-5C75-488B-BCB1-80DFB9AF4A7F}.Staging|Any CPU.ActiveCfg = Staging|Any CPU
		{E275D0E0-5C75-488B-BCB1-80DFB9AF4A7F}.Staging|Any CPU.Build.0 = Staging|Any CPU
		{E275D0E0-5C75-488B-BCB1-80DFB9AF4A7F}.Staging|Mixed Platforms.ActiveCfg = Staging|Any CPU
		{E275D0E0-5C75-488B-BCB1-80DFB9AF4A7F}.Staging|Mixed Platforms.Build.0 = Staging|Any CPU
		{E275D0E0-5C75-488B-BCB1-80DFB9AF4A7F}.Trung|.NET.ActiveCfg = Trung|Any CPU
		{E275D0E0-5C75-488B-BCB1-80DFB9AF4A7F}.Trung|Any CPU.ActiveCfg = Debug|Any CPU
		{E275D0E0-5C75-488B-BCB1-80DFB9AF4A7F}.Trung|Any CPU.Build.0 = Debug|Any CPU
		{E275D0E0-5C75-488B-BCB1-80DFB9AF4A7F}.Trung|Mixed Platforms.ActiveCfg = Trung|Any CPU
		{E275D0E0-5C75-488B-BCB1-80DFB9AF4A7F}.Trung|Mixed Platforms.Build.0 = Trung|Any CPU
		{813868D4-6CCA-4062-ACD2-E21CED488BCC}.Debug|.NET.ActiveCfg = Debug|Any CPU
		{813868D4-6CCA-4062-ACD2-E21CED488BCC}.Debug|Any CPU.ActiveCfg = Debug|Any CPU
		{813868D4-6CCA-4062-ACD2-E21CED488BCC}.Debug|Any CPU.Build.0 = Debug|Any CPU
		{813868D4-6CCA-4062-ACD2-E21CED488BCC}.Debug|Mixed Platforms.ActiveCfg = Debug|Any CPU
		{813868D4-6CCA-4062-ACD2-E21CED488BCC}.Debug|Mixed Platforms.Build.0 = Debug|Any CPU
		{813868D4-6CCA-4062-ACD2-E21CED488BCC}.Release|.NET.ActiveCfg = Release|Any CPU
		{813868D4-6CCA-4062-ACD2-E21CED488BCC}.Release|Any CPU.ActiveCfg = Release|Any CPU
		{813868D4-6CCA-4062-ACD2-E21CED488BCC}.Release|Any CPU.Build.0 = Release|Any CPU
		{813868D4-6CCA-4062-ACD2-E21CED488BCC}.Release|Mixed Platforms.ActiveCfg = Release|Any CPU
		{813868D4-6CCA-4062-ACD2-E21CED488BCC}.Release|Mixed Platforms.Build.0 = Release|Any CPU
		{813868D4-6CCA-4062-ACD2-E21CED488BCC}.RM|.NET.ActiveCfg = RM|Any CPU
		{813868D4-6CCA-4062-ACD2-E21CED488BCC}.RM|Any CPU.ActiveCfg = Debug|Any CPU
		{813868D4-6CCA-4062-ACD2-E21CED488BCC}.RM|Mixed Platforms.ActiveCfg = RM|Any CPU
		{813868D4-6CCA-4062-ACD2-E21CED488BCC}.RM|Mixed Platforms.Build.0 = RM|Any CPU
		{813868D4-6CCA-4062-ACD2-E21CED488BCC}.Staging|.NET.ActiveCfg = Staging|Any CPU
		{813868D4-6CCA-4062-ACD2-E21CED488BCC}.Staging|Any CPU.ActiveCfg = Staging|Any CPU
		{813868D4-6CCA-4062-ACD2-E21CED488BCC}.Staging|Any CPU.Build.0 = Staging|Any CPU
		{813868D4-6CCA-4062-ACD2-E21CED488BCC}.Staging|Mixed Platforms.ActiveCfg = Staging|Any CPU
		{813868D4-6CCA-4062-ACD2-E21CED488BCC}.Staging|Mixed Platforms.Build.0 = Staging|Any CPU
		{813868D4-6CCA-4062-ACD2-E21CED488BCC}.Trung|.NET.ActiveCfg = Trung|Any CPU
		{813868D4-6CCA-4062-ACD2-E21CED488BCC}.Trung|Any CPU.ActiveCfg = Debug|Any CPU
		{813868D4-6CCA-4062-ACD2-E21CED488BCC}.Trung|Any CPU.Build.0 = Debug|Any CPU
		{813868D4-6CCA-4062-ACD2-E21CED488BCC}.Trung|Mixed Platforms.ActiveCfg = Trung|Any CPU
		{813868D4-6CCA-4062-ACD2-E21CED488BCC}.Trung|Mixed Platforms.Build.0 = Trung|Any CPU
		{3DA8B1E6-4752-4D64-ACC1-CCE28ABA8B8B}.Debug|.NET.ActiveCfg = Debug|Any CPU
		{3DA8B1E6-4752-4D64-ACC1-CCE28ABA8B8B}.Debug|Any CPU.ActiveCfg = Debug|Any CPU
		{3DA8B1E6-4752-4D64-ACC1-CCE28ABA8B8B}.Debug|Any CPU.Build.0 = Debug|Any CPU
		{3DA8B1E6-4752-4D64-ACC1-CCE28ABA8B8B}.Debug|Mixed Platforms.ActiveCfg = Debug|Any CPU
		{3DA8B1E6-4752-4D64-ACC1-CCE28ABA8B8B}.Debug|Mixed Platforms.Build.0 = Debug|Any CPU
		{3DA8B1E6-4752-4D64-ACC1-CCE28ABA8B8B}.Release|.NET.ActiveCfg = Release|Any CPU
		{3DA8B1E6-4752-4D64-ACC1-CCE28ABA8B8B}.Release|Any CPU.ActiveCfg = Release|Any CPU
		{3DA8B1E6-4752-4D64-ACC1-CCE28ABA8B8B}.Release|Any CPU.Build.0 = Release|Any CPU
		{3DA8B1E6-4752-4D64-ACC1-CCE28ABA8B8B}.Release|Mixed Platforms.ActiveCfg = Release|Any CPU
		{3DA8B1E6-4752-4D64-ACC1-CCE28ABA8B8B}.Release|Mixed Platforms.Build.0 = Release|Any CPU
		{3DA8B1E6-4752-4D64-ACC1-CCE28ABA8B8B}.RM|.NET.ActiveCfg = RM|Any CPU
		{3DA8B1E6-4752-4D64-ACC1-CCE28ABA8B8B}.RM|Any CPU.ActiveCfg = Debug|Any CPU
		{3DA8B1E6-4752-4D64-ACC1-CCE28ABA8B8B}.RM|Mixed Platforms.ActiveCfg = RM|Any CPU
		{3DA8B1E6-4752-4D64-ACC1-CCE28ABA8B8B}.RM|Mixed Platforms.Build.0 = RM|Any CPU
		{3DA8B1E6-4752-4D64-ACC1-CCE28ABA8B8B}.Staging|.NET.ActiveCfg = Release|Any CPU
		{3DA8B1E6-4752-4D64-ACC1-CCE28ABA8B8B}.Staging|Any CPU.ActiveCfg = Release|Any CPU
		{3DA8B1E6-4752-4D64-ACC1-CCE28ABA8B8B}.Staging|Any CPU.Build.0 = Release|Any CPU
		{3DA8B1E6-4752-4D64-ACC1-CCE28ABA8B8B}.Staging|Mixed Platforms.ActiveCfg = Release|Any CPU
		{3DA8B1E6-4752-4D64-ACC1-CCE28ABA8B8B}.Staging|Mixed Platforms.Build.0 = Release|Any CPU
		{3DA8B1E6-4752-4D64-ACC1-CCE28ABA8B8B}.Trung|.NET.ActiveCfg = Trung|Any CPU
		{3DA8B1E6-4752-4D64-ACC1-CCE28ABA8B8B}.Trung|Any CPU.ActiveCfg = Debug|Any CPU
		{3DA8B1E6-4752-4D64-ACC1-CCE28ABA8B8B}.Trung|Any CPU.Build.0 = Debug|Any CPU
		{3DA8B1E6-4752-4D64-ACC1-CCE28ABA8B8B}.Trung|Mixed Platforms.ActiveCfg = Trung|Any CPU
		{3DA8B1E6-4752-4D64-ACC1-CCE28ABA8B8B}.Trung|Mixed Platforms.Build.0 = Trung|Any CPU
		{363F0E54-D29E-49F5-B691-0A87D9B81C74}.Debug|.NET.ActiveCfg = Debug|Any CPU
		{363F0E54-D29E-49F5-B691-0A87D9B81C74}.Debug|Any CPU.ActiveCfg = Debug|Any CPU
		{363F0E54-D29E-49F5-B691-0A87D9B81C74}.Debug|Any CPU.Build.0 = Debug|Any CPU
		{363F0E54-D29E-49F5-B691-0A87D9B81C74}.Debug|Mixed Platforms.ActiveCfg = Debug|Any CPU
		{363F0E54-D29E-49F5-B691-0A87D9B81C74}.Debug|Mixed Platforms.Build.0 = Debug|Any CPU
		{363F0E54-D29E-49F5-B691-0A87D9B81C74}.Release|.NET.ActiveCfg = Release|Any CPU
		{363F0E54-D29E-49F5-B691-0A87D9B81C74}.Release|Any CPU.ActiveCfg = Release|Any CPU
		{363F0E54-D29E-49F5-B691-0A87D9B81C74}.Release|Any CPU.Build.0 = Release|Any CPU
		{363F0E54-D29E-49F5-B691-0A87D9B81C74}.Release|Mixed Platforms.ActiveCfg = Release|Any CPU
		{363F0E54-D29E-49F5-B691-0A87D9B81C74}.Release|Mixed Platforms.Build.0 = Release|Any CPU
		{363F0E54-D29E-49F5-B691-0A87D9B81C74}.RM|.NET.ActiveCfg = RM|Any CPU
		{363F0E54-D29E-49F5-B691-0A87D9B81C74}.RM|Any CPU.ActiveCfg = Debug|Any CPU
		{363F0E54-D29E-49F5-B691-0A87D9B81C74}.RM|Mixed Platforms.ActiveCfg = RM|Any CPU
		{363F0E54-D29E-49F5-B691-0A87D9B81C74}.RM|Mixed Platforms.Build.0 = RM|Any CPU
		{363F0E54-D29E-49F5-B691-0A87D9B81C74}.Staging|.NET.ActiveCfg = Staging|Any CPU
		{363F0E54-D29E-49F5-B691-0A87D9B81C74}.Staging|Any CPU.ActiveCfg = Staging|Any CPU
		{363F0E54-D29E-49F5-B691-0A87D9B81C74}.Staging|Any CPU.Build.0 = Staging|Any CPU
		{363F0E54-D29E-49F5-B691-0A87D9B81C74}.Staging|Mixed Platforms.ActiveCfg = Staging|Any CPU
		{363F0E54-D29E-49F5-B691-0A87D9B81C74}.Staging|Mixed Platforms.Build.0 = Staging|Any CPU
		{363F0E54-D29E-49F5-B691-0A87D9B81C74}.Trung|.NET.ActiveCfg = Trung|Any CPU
		{363F0E54-D29E-49F5-B691-0A87D9B81C74}.Trung|Any CPU.ActiveCfg = Debug|Any CPU
		{363F0E54-D29E-49F5-B691-0A87D9B81C74}.Trung|Any CPU.Build.0 = Debug|Any CPU
		{363F0E54-D29E-49F5-B691-0A87D9B81C74}.Trung|Mixed Platforms.ActiveCfg = Trung|Any CPU
		{363F0E54-D29E-49F5-B691-0A87D9B81C74}.Trung|Mixed Platforms.Build.0 = Trung|Any CPU
		{2DE01D34-8BB3-45C7-9E2F-47007157A174}.Debug|.NET.ActiveCfg = Debug|Any CPU
		{2DE01D34-8BB3-45C7-9E2F-47007157A174}.Debug|Any CPU.ActiveCfg = Debug|Any CPU
		{2DE01D34-8BB3-45C7-9E2F-47007157A174}.Debug|Any CPU.Build.0 = Debug|Any CPU
		{2DE01D34-8BB3-45C7-9E2F-47007157A174}.Debug|Mixed Platforms.ActiveCfg = Debug|Any CPU
		{2DE01D34-8BB3-45C7-9E2F-47007157A174}.Debug|Mixed Platforms.Build.0 = Debug|Any CPU
		{2DE01D34-8BB3-45C7-9E2F-47007157A174}.Release|.NET.ActiveCfg = Release|Any CPU
		{2DE01D34-8BB3-45C7-9E2F-47007157A174}.Release|Any CPU.ActiveCfg = Release|Any CPU
		{2DE01D34-8BB3-45C7-9E2F-47007157A174}.Release|Any CPU.Build.0 = Release|Any CPU
		{2DE01D34-8BB3-45C7-9E2F-47007157A174}.Release|Mixed Platforms.ActiveCfg = Release|Any CPU
		{2DE01D34-8BB3-45C7-9E2F-47007157A174}.Release|Mixed Platforms.Build.0 = Release|Any CPU
		{2DE01D34-8BB3-45C7-9E2F-47007157A174}.RM|.NET.ActiveCfg = RM|Any CPU
		{2DE01D34-8BB3-45C7-9E2F-47007157A174}.RM|Any CPU.ActiveCfg = Debug|Any CPU
		{2DE01D34-8BB3-45C7-9E2F-47007157A174}.RM|Any CPU.Build.0 = Debug|Any CPU
		{2DE01D34-8BB3-45C7-9E2F-47007157A174}.RM|Mixed Platforms.ActiveCfg = RM|Any CPU
		{2DE01D34-8BB3-45C7-9E2F-47007157A174}.RM|Mixed Platforms.Build.0 = RM|Any CPU
		{2DE01D34-8BB3-45C7-9E2F-47007157A174}.Staging|.NET.ActiveCfg = Staging|Any CPU
		{2DE01D34-8BB3-45C7-9E2F-47007157A174}.Staging|Any CPU.ActiveCfg = Staging|Any CPU
		{2DE01D34-8BB3-45C7-9E2F-47007157A174}.Staging|Any CPU.Build.0 = Staging|Any CPU
		{2DE01D34-8BB3-45C7-9E2F-47007157A174}.Staging|Mixed Platforms.ActiveCfg = Staging|Any CPU
		{2DE01D34-8BB3-45C7-9E2F-47007157A174}.Staging|Mixed Platforms.Build.0 = Staging|Any CPU
		{2DE01D34-8BB3-45C7-9E2F-47007157A174}.Trung|.NET.ActiveCfg = Trung|Any CPU
		{2DE01D34-8BB3-45C7-9E2F-47007157A174}.Trung|Any CPU.ActiveCfg = Debug|Any CPU
		{2DE01D34-8BB3-45C7-9E2F-47007157A174}.Trung|Any CPU.Build.0 = Debug|Any CPU
		{2DE01D34-8BB3-45C7-9E2F-47007157A174}.Trung|Mixed Platforms.ActiveCfg = Trung|Any CPU
		{2DE01D34-8BB3-45C7-9E2F-47007157A174}.Trung|Mixed Platforms.Build.0 = Trung|Any CPU
		{4AFBAB66-CBCC-4BC4-BDBB-A39A95214B81}.Debug|.NET.ActiveCfg = Debug|Any CPU
		{4AFBAB66-CBCC-4BC4-BDBB-A39A95214B81}.Debug|Any CPU.ActiveCfg = Debug|Any CPU
		{4AFBAB66-CBCC-4BC4-BDBB-A39A95214B81}.Debug|Any CPU.Build.0 = Debug|Any CPU
		{4AFBAB66-CBCC-4BC4-BDBB-A39A95214B81}.Debug|Mixed Platforms.ActiveCfg = Debug|Any CPU
		{4AFBAB66-CBCC-4BC4-BDBB-A39A95214B81}.Debug|Mixed Platforms.Build.0 = Debug|Any CPU
		{4AFBAB66-CBCC-4BC4-BDBB-A39A95214B81}.Release|.NET.ActiveCfg = Release|Any CPU
		{4AFBAB66-CBCC-4BC4-BDBB-A39A95214B81}.Release|Any CPU.ActiveCfg = Release|Any CPU
		{4AFBAB66-CBCC-4BC4-BDBB-A39A95214B81}.Release|Any CPU.Build.0 = Release|Any CPU
		{4AFBAB66-CBCC-4BC4-BDBB-A39A95214B81}.Release|Mixed Platforms.ActiveCfg = Release|Any CPU
		{4AFBAB66-CBCC-4BC4-BDBB-A39A95214B81}.Release|Mixed Platforms.Build.0 = Release|Any CPU
		{4AFBAB66-CBCC-4BC4-BDBB-A39A95214B81}.RM|.NET.ActiveCfg = RM|Any CPU
		{4AFBAB66-CBCC-4BC4-BDBB-A39A95214B81}.RM|Any CPU.ActiveCfg = Debug|Any CPU
		{4AFBAB66-CBCC-4BC4-BDBB-A39A95214B81}.RM|Any CPU.Build.0 = Debug|Any CPU
		{4AFBAB66-CBCC-4BC4-BDBB-A39A95214B81}.RM|Mixed Platforms.ActiveCfg = RM|Any CPU
		{4AFBAB66-CBCC-4BC4-BDBB-A39A95214B81}.RM|Mixed Platforms.Build.0 = RM|Any CPU
		{4AFBAB66-CBCC-4BC4-BDBB-A39A95214B81}.Staging|.NET.ActiveCfg = Staging|Any CPU
		{4AFBAB66-CBCC-4BC4-BDBB-A39A95214B81}.Staging|Any CPU.ActiveCfg = Staging|Any CPU
		{4AFBAB66-CBCC-4BC4-BDBB-A39A95214B81}.Staging|Any CPU.Build.0 = Staging|Any CPU
		{4AFBAB66-CBCC-4BC4-BDBB-A39A95214B81}.Staging|Mixed Platforms.ActiveCfg = Staging|Any CPU
		{4AFBAB66-CBCC-4BC4-BDBB-A39A95214B81}.Staging|Mixed Platforms.Build.0 = Staging|Any CPU
		{4AFBAB66-CBCC-4BC4-BDBB-A39A95214B81}.Trung|.NET.ActiveCfg = Trung|Any CPU
		{4AFBAB66-CBCC-4BC4-BDBB-A39A95214B81}.Trung|Any CPU.ActiveCfg = Debug|Any CPU
		{4AFBAB66-CBCC-4BC4-BDBB-A39A95214B81}.Trung|Any CPU.Build.0 = Debug|Any CPU
		{4AFBAB66-CBCC-4BC4-BDBB-A39A95214B81}.Trung|Mixed Platforms.ActiveCfg = Trung|Any CPU
		{4AFBAB66-CBCC-4BC4-BDBB-A39A95214B81}.Trung|Mixed Platforms.Build.0 = Trung|Any CPU
		{4DCB5955-4E16-4236-84B1-3EE02E2A10D7}.Debug|.NET.ActiveCfg = Debug|Any CPU
		{4DCB5955-4E16-4236-84B1-3EE02E2A10D7}.Debug|Any CPU.ActiveCfg = Debug|Any CPU
		{4DCB5955-4E16-4236-84B1-3EE02E2A10D7}.Debug|Any CPU.Build.0 = Debug|Any CPU
		{4DCB5955-4E16-4236-84B1-3EE02E2A10D7}.Debug|Mixed Platforms.ActiveCfg = Debug|Any CPU
		{4DCB5955-4E16-4236-84B1-3EE02E2A10D7}.Debug|Mixed Platforms.Build.0 = Debug|Any CPU
		{4DCB5955-4E16-4236-84B1-3EE02E2A10D7}.Release|.NET.ActiveCfg = Release|Any CPU
		{4DCB5955-4E16-4236-84B1-3EE02E2A10D7}.Release|Any CPU.ActiveCfg = Release|Any CPU
		{4DCB5955-4E16-4236-84B1-3EE02E2A10D7}.Release|Any CPU.Build.0 = Release|Any CPU
		{4DCB5955-4E16-4236-84B1-3EE02E2A10D7}.Release|Mixed Platforms.ActiveCfg = Release|Any CPU
		{4DCB5955-4E16-4236-84B1-3EE02E2A10D7}.Release|Mixed Platforms.Build.0 = Release|Any CPU
		{4DCB5955-4E16-4236-84B1-3EE02E2A10D7}.RM|.NET.ActiveCfg = RM|Any CPU
		{4DCB5955-4E16-4236-84B1-3EE02E2A10D7}.RM|Any CPU.ActiveCfg = Debug|Any CPU
		{4DCB5955-4E16-4236-84B1-3EE02E2A10D7}.RM|Any CPU.Build.0 = Debug|Any CPU
		{4DCB5955-4E16-4236-84B1-3EE02E2A10D7}.RM|Mixed Platforms.ActiveCfg = RM|Any CPU
		{4DCB5955-4E16-4236-84B1-3EE02E2A10D7}.RM|Mixed Platforms.Build.0 = RM|Any CPU
		{4DCB5955-4E16-4236-84B1-3EE02E2A10D7}.Staging|.NET.ActiveCfg = Staging|Any CPU
		{4DCB5955-4E16-4236-84B1-3EE02E2A10D7}.Staging|Any CPU.ActiveCfg = Staging|Any CPU
		{4DCB5955-4E16-4236-84B1-3EE02E2A10D7}.Staging|Mixed Platforms.ActiveCfg = Staging|Any CPU
		{4DCB5955-4E16-4236-84B1-3EE02E2A10D7}.Staging|Mixed Platforms.Build.0 = Staging|Any CPU
		{4DCB5955-4E16-4236-84B1-3EE02E2A10D7}.Trung|.NET.ActiveCfg = Trung|Any CPU
		{4DCB5955-4E16-4236-84B1-3EE02E2A10D7}.Trung|Any CPU.ActiveCfg = Debug|Any CPU
		{4DCB5955-4E16-4236-84B1-3EE02E2A10D7}.Trung|Mixed Platforms.ActiveCfg = Trung|Any CPU
		{4DCB5955-4E16-4236-84B1-3EE02E2A10D7}.Trung|Mixed Platforms.Build.0 = Trung|Any CPU
		{E811F3B8-5C4D-419E-8F8E-BDA0EE467163}.Debug|.NET.ActiveCfg = Debug|Any CPU
		{E811F3B8-5C4D-419E-8F8E-BDA0EE467163}.Debug|Any CPU.ActiveCfg = Debug|Any CPU
		{E811F3B8-5C4D-419E-8F8E-BDA0EE467163}.Debug|Any CPU.Build.0 = Debug|Any CPU
		{E811F3B8-5C4D-419E-8F8E-BDA0EE467163}.Debug|Mixed Platforms.ActiveCfg = Debug|Any CPU
		{E811F3B8-5C4D-419E-8F8E-BDA0EE467163}.Debug|Mixed Platforms.Build.0 = Debug|Any CPU
		{E811F3B8-5C4D-419E-8F8E-BDA0EE467163}.Release|.NET.ActiveCfg = Release|Any CPU
		{E811F3B8-5C4D-419E-8F8E-BDA0EE467163}.Release|Any CPU.ActiveCfg = Release|Any CPU
		{E811F3B8-5C4D-419E-8F8E-BDA0EE467163}.Release|Any CPU.Build.0 = Release|Any CPU
		{E811F3B8-5C4D-419E-8F8E-BDA0EE467163}.Release|Mixed Platforms.ActiveCfg = Release|Any CPU
		{E811F3B8-5C4D-419E-8F8E-BDA0EE467163}.Release|Mixed Platforms.Build.0 = Release|Any CPU
		{E811F3B8-5C4D-419E-8F8E-BDA0EE467163}.RM|.NET.ActiveCfg = RM|Any CPU
		{E811F3B8-5C4D-419E-8F8E-BDA0EE467163}.RM|Any CPU.ActiveCfg = Debug|Any CPU
		{E811F3B8-5C4D-419E-8F8E-BDA0EE467163}.RM|Any CPU.Build.0 = Debug|Any CPU
		{E811F3B8-5C4D-419E-8F8E-BDA0EE467163}.RM|Mixed Platforms.ActiveCfg = RM|Any CPU
		{E811F3B8-5C4D-419E-8F8E-BDA0EE467163}.RM|Mixed Platforms.Build.0 = RM|Any CPU
		{E811F3B8-5C4D-419E-8F8E-BDA0EE467163}.Staging|.NET.ActiveCfg = Staging|Any CPU
		{E811F3B8-5C4D-419E-8F8E-BDA0EE467163}.Staging|Any CPU.ActiveCfg = Staging|Any CPU
		{E811F3B8-5C4D-419E-8F8E-BDA0EE467163}.Staging|Any CPU.Build.0 = Staging|Any CPU
		{E811F3B8-5C4D-419E-8F8E-BDA0EE467163}.Staging|Mixed Platforms.ActiveCfg = Staging|Any CPU
		{E811F3B8-5C4D-419E-8F8E-BDA0EE467163}.Staging|Mixed Platforms.Build.0 = Staging|Any CPU
		{E811F3B8-5C4D-419E-8F8E-BDA0EE467163}.Trung|.NET.ActiveCfg = Trung|Any CPU
		{E811F3B8-5C4D-419E-8F8E-BDA0EE467163}.Trung|Any CPU.ActiveCfg = Debug|Any CPU
		{E811F3B8-5C4D-419E-8F8E-BDA0EE467163}.Trung|Any CPU.Build.0 = Debug|Any CPU
		{E811F3B8-5C4D-419E-8F8E-BDA0EE467163}.Trung|Mixed Platforms.ActiveCfg = Trung|Any CPU
		{E811F3B8-5C4D-419E-8F8E-BDA0EE467163}.Trung|Mixed Platforms.Build.0 = Trung|Any CPU
		{0C169D9C-3AD0-4331-AB0A-9BF3ECA7493F}.Debug|.NET.ActiveCfg = Debug|Any CPU
		{0C169D9C-3AD0-4331-AB0A-9BF3ECA7493F}.Debug|Any CPU.ActiveCfg = Debug|Any CPU
		{0C169D9C-3AD0-4331-AB0A-9BF3ECA7493F}.Debug|Any CPU.Build.0 = Debug|Any CPU
		{0C169D9C-3AD0-4331-AB0A-9BF3ECA7493F}.Debug|Mixed Platforms.ActiveCfg = Debug|Any CPU
		{0C169D9C-3AD0-4331-AB0A-9BF3ECA7493F}.Debug|Mixed Platforms.Build.0 = Debug|Any CPU
		{0C169D9C-3AD0-4331-AB0A-9BF3ECA7493F}.Release|.NET.ActiveCfg = Release|Any CPU
		{0C169D9C-3AD0-4331-AB0A-9BF3ECA7493F}.Release|Any CPU.ActiveCfg = Release|Any CPU
		{0C169D9C-3AD0-4331-AB0A-9BF3ECA7493F}.Release|Any CPU.Build.0 = Release|Any CPU
		{0C169D9C-3AD0-4331-AB0A-9BF3ECA7493F}.Release|Mixed Platforms.ActiveCfg = Release|Any CPU
		{0C169D9C-3AD0-4331-AB0A-9BF3ECA7493F}.Release|Mixed Platforms.Build.0 = Release|Any CPU
		{0C169D9C-3AD0-4331-AB0A-9BF3ECA7493F}.RM|.NET.ActiveCfg = RM|Any CPU
		{0C169D9C-3AD0-4331-AB0A-9BF3ECA7493F}.RM|Any CPU.ActiveCfg = Debug|Any CPU
		{0C169D9C-3AD0-4331-AB0A-9BF3ECA7493F}.RM|Any CPU.Build.0 = Debug|Any CPU
		{0C169D9C-3AD0-4331-AB0A-9BF3ECA7493F}.RM|Mixed Platforms.ActiveCfg = RM|Any CPU
		{0C169D9C-3AD0-4331-AB0A-9BF3ECA7493F}.RM|Mixed Platforms.Build.0 = RM|Any CPU
		{0C169D9C-3AD0-4331-AB0A-9BF3ECA7493F}.Staging|.NET.ActiveCfg = Staging|Any CPU
		{0C169D9C-3AD0-4331-AB0A-9BF3ECA7493F}.Staging|Any CPU.ActiveCfg = Staging|Any CPU
		{0C169D9C-3AD0-4331-AB0A-9BF3ECA7493F}.Staging|Mixed Platforms.ActiveCfg = Staging|Any CPU
		{0C169D9C-3AD0-4331-AB0A-9BF3ECA7493F}.Staging|Mixed Platforms.Build.0 = Staging|Any CPU
		{0C169D9C-3AD0-4331-AB0A-9BF3ECA7493F}.Trung|.NET.ActiveCfg = Trung|Any CPU
		{0C169D9C-3AD0-4331-AB0A-9BF3ECA7493F}.Trung|Any CPU.ActiveCfg = Debug|Any CPU
		{0C169D9C-3AD0-4331-AB0A-9BF3ECA7493F}.Trung|Mixed Platforms.ActiveCfg = Trung|Any CPU
		{0C169D9C-3AD0-4331-AB0A-9BF3ECA7493F}.Trung|Mixed Platforms.Build.0 = Trung|Any CPU
		{F642958F-5D37-46B2-B4B1-21B7A40DC571}.Debug|.NET.ActiveCfg = Debug|Any CPU
		{F642958F-5D37-46B2-B4B1-21B7A40DC571}.Debug|Any CPU.ActiveCfg = Debug|Any CPU
		{F642958F-5D37-46B2-B4B1-21B7A40DC571}.Debug|Any CPU.Build.0 = Debug|Any CPU
		{F642958F-5D37-46B2-B4B1-21B7A40DC571}.Debug|Mixed Platforms.ActiveCfg = Debug|Any CPU
		{F642958F-5D37-46B2-B4B1-21B7A40DC571}.Release|.NET.ActiveCfg = Release|Any CPU
		{F642958F-5D37-46B2-B4B1-21B7A40DC571}.Release|Any CPU.ActiveCfg = Release|Any CPU
		{F642958F-5D37-46B2-B4B1-21B7A40DC571}.Release|Any CPU.Build.0 = Release|Any CPU
		{F642958F-5D37-46B2-B4B1-21B7A40DC571}.Release|Mixed Platforms.ActiveCfg = Release|Any CPU
		{F642958F-5D37-46B2-B4B1-21B7A40DC571}.Release|Mixed Platforms.Build.0 = Release|Any CPU
		{F642958F-5D37-46B2-B4B1-21B7A40DC571}.RM|.NET.ActiveCfg = RM|Any CPU
		{F642958F-5D37-46B2-B4B1-21B7A40DC571}.RM|Any CPU.ActiveCfg = Debug|Any CPU
		{F642958F-5D37-46B2-B4B1-21B7A40DC571}.RM|Mixed Platforms.ActiveCfg = RM|Any CPU
		{F642958F-5D37-46B2-B4B1-21B7A40DC571}.RM|Mixed Platforms.Build.0 = RM|Any CPU
		{F642958F-5D37-46B2-B4B1-21B7A40DC571}.Staging|.NET.ActiveCfg = Release|Any CPU
		{F642958F-5D37-46B2-B4B1-21B7A40DC571}.Staging|Any CPU.ActiveCfg = Release|Any CPU
		{F642958F-5D37-46B2-B4B1-21B7A40DC571}.Staging|Any CPU.Build.0 = Release|Any CPU
		{F642958F-5D37-46B2-B4B1-21B7A40DC571}.Staging|Mixed Platforms.ActiveCfg = Release|Any CPU
		{F642958F-5D37-46B2-B4B1-21B7A40DC571}.Staging|Mixed Platforms.Build.0 = Release|Any CPU
		{F642958F-5D37-46B2-B4B1-21B7A40DC571}.Trung|.NET.ActiveCfg = Trung|Any CPU
		{F642958F-5D37-46B2-B4B1-21B7A40DC571}.Trung|Any CPU.ActiveCfg = Debug|Any CPU
		{F642958F-5D37-46B2-B4B1-21B7A40DC571}.Trung|Any CPU.Build.0 = Debug|Any CPU
		{F642958F-5D37-46B2-B4B1-21B7A40DC571}.Trung|Mixed Platforms.ActiveCfg = Trung|Any CPU
		{F642958F-5D37-46B2-B4B1-21B7A40DC571}.Trung|Mixed Platforms.Build.0 = Trung|Any CPU
		{32C42ABF-759E-45A0-BF96-E091BD2DADB1}.Debug|.NET.ActiveCfg = Debug|Any CPU
		{32C42ABF-759E-45A0-BF96-E091BD2DADB1}.Debug|Any CPU.ActiveCfg = Debug|Any CPU
		{32C42ABF-759E-45A0-BF96-E091BD2DADB1}.Debug|Any CPU.Build.0 = Debug|Any CPU
		{32C42ABF-759E-45A0-BF96-E091BD2DADB1}.Debug|Mixed Platforms.ActiveCfg = Debug|Any CPU
		{32C42ABF-759E-45A0-BF96-E091BD2DADB1}.Debug|Mixed Platforms.Build.0 = Debug|Any CPU
		{32C42ABF-759E-45A0-BF96-E091BD2DADB1}.Release|.NET.ActiveCfg = Release|Any CPU
		{32C42ABF-759E-45A0-BF96-E091BD2DADB1}.Release|Any CPU.ActiveCfg = Release|Any CPU
		{32C42ABF-759E-45A0-BF96-E091BD2DADB1}.Release|Any CPU.Build.0 = Release|Any CPU
		{32C42ABF-759E-45A0-BF96-E091BD2DADB1}.Release|Mixed Platforms.ActiveCfg = Release|Any CPU
		{32C42ABF-759E-45A0-BF96-E091BD2DADB1}.Release|Mixed Platforms.Build.0 = Release|Any CPU
		{32C42ABF-759E-45A0-BF96-E091BD2DADB1}.RM|.NET.ActiveCfg = RM|Any CPU
		{32C42ABF-759E-45A0-BF96-E091BD2DADB1}.RM|Any CPU.ActiveCfg = Debug|Any CPU
		{32C42ABF-759E-45A0-BF96-E091BD2DADB1}.RM|Any CPU.Build.0 = Debug|Any CPU
		{32C42ABF-759E-45A0-BF96-E091BD2DADB1}.RM|Mixed Platforms.ActiveCfg = RM|Any CPU
		{32C42ABF-759E-45A0-BF96-E091BD2DADB1}.RM|Mixed Platforms.Build.0 = RM|Any CPU
		{32C42ABF-759E-45A0-BF96-E091BD2DADB1}.Staging|.NET.ActiveCfg = Staging|Any CPU
		{32C42ABF-759E-45A0-BF96-E091BD2DADB1}.Staging|Any CPU.ActiveCfg = Staging|Any CPU
		{32C42ABF-759E-45A0-BF96-E091BD2DADB1}.Staging|Any CPU.Build.0 = Staging|Any CPU
		{32C42ABF-759E-45A0-BF96-E091BD2DADB1}.Staging|Mixed Platforms.ActiveCfg = Staging|Any CPU
		{32C42ABF-759E-45A0-BF96-E091BD2DADB1}.Staging|Mixed Platforms.Build.0 = Staging|Any CPU
		{32C42ABF-759E-45A0-BF96-E091BD2DADB1}.Trung|.NET.ActiveCfg = Trung|Any CPU
		{32C42ABF-759E-45A0-BF96-E091BD2DADB1}.Trung|Any CPU.ActiveCfg = Debug|Any CPU
		{32C42ABF-759E-45A0-BF96-E091BD2DADB1}.Trung|Any CPU.Build.0 = Debug|Any CPU
		{32C42ABF-759E-45A0-BF96-E091BD2DADB1}.Trung|Mixed Platforms.ActiveCfg = Trung|Any CPU
		{32C42ABF-759E-45A0-BF96-E091BD2DADB1}.Trung|Mixed Platforms.Build.0 = Trung|Any CPU
		{2142749B-022E-4033-BB19-8A0436661020}.Debug|.NET.ActiveCfg = Debug|Any CPU
		{2142749B-022E-4033-BB19-8A0436661020}.Debug|Any CPU.ActiveCfg = Debug|Any CPU
		{2142749B-022E-4033-BB19-8A0436661020}.Debug|Any CPU.Build.0 = Debug|Any CPU
		{2142749B-022E-4033-BB19-8A0436661020}.Debug|Mixed Platforms.ActiveCfg = Debug|Any CPU
		{2142749B-022E-4033-BB19-8A0436661020}.Debug|Mixed Platforms.Build.0 = Debug|Any CPU
		{2142749B-022E-4033-BB19-8A0436661020}.Release|.NET.ActiveCfg = Release|Any CPU
		{2142749B-022E-4033-BB19-8A0436661020}.Release|Any CPU.ActiveCfg = Release|Any CPU
		{2142749B-022E-4033-BB19-8A0436661020}.Release|Any CPU.Build.0 = Release|Any CPU
		{2142749B-022E-4033-BB19-8A0436661020}.Release|Mixed Platforms.ActiveCfg = Release|Any CPU
		{2142749B-022E-4033-BB19-8A0436661020}.Release|Mixed Platforms.Build.0 = Release|Any CPU
		{2142749B-022E-4033-BB19-8A0436661020}.RM|.NET.ActiveCfg = RM|Any CPU
		{2142749B-022E-4033-BB19-8A0436661020}.RM|Any CPU.ActiveCfg = Debug|Any CPU
		{2142749B-022E-4033-BB19-8A0436661020}.RM|Any CPU.Build.0 = Debug|Any CPU
		{2142749B-022E-4033-BB19-8A0436661020}.RM|Mixed Platforms.ActiveCfg = RM|Any CPU
		{2142749B-022E-4033-BB19-8A0436661020}.RM|Mixed Platforms.Build.0 = RM|Any CPU
		{2142749B-022E-4033-BB19-8A0436661020}.Staging|.NET.ActiveCfg = Staging|Any CPU
		{2142749B-022E-4033-BB19-8A0436661020}.Staging|Any CPU.ActiveCfg = Staging|Any CPU
		{2142749B-022E-4033-BB19-8A0436661020}.Staging|Any CPU.Build.0 = Staging|Any CPU
		{2142749B-022E-4033-BB19-8A0436661020}.Staging|Mixed Platforms.ActiveCfg = Staging|Any CPU
		{2142749B-022E-4033-BB19-8A0436661020}.Staging|Mixed Platforms.Build.0 = Staging|Any CPU
		{2142749B-022E-4033-BB19-8A0436661020}.Trung|.NET.ActiveCfg = Trung|Any CPU
		{2142749B-022E-4033-BB19-8A0436661020}.Trung|Any CPU.ActiveCfg = Debug|Any CPU
		{2142749B-022E-4033-BB19-8A0436661020}.Trung|Any CPU.Build.0 = Debug|Any CPU
		{2142749B-022E-4033-BB19-8A0436661020}.Trung|Mixed Platforms.ActiveCfg = Trung|Any CPU
		{2142749B-022E-4033-BB19-8A0436661020}.Trung|Mixed Platforms.Build.0 = Trung|Any CPU
		{18F425B1-7E37-40B0-9E70-CC472970108C}.Debug|.NET.ActiveCfg = Debug|Any CPU
		{18F425B1-7E37-40B0-9E70-CC472970108C}.Debug|Any CPU.ActiveCfg = Debug|Any CPU
		{18F425B1-7E37-40B0-9E70-CC472970108C}.Debug|Any CPU.Build.0 = Debug|Any CPU
		{18F425B1-7E37-40B0-9E70-CC472970108C}.Debug|Mixed Platforms.ActiveCfg = Debug|Any CPU
		{18F425B1-7E37-40B0-9E70-CC472970108C}.Debug|Mixed Platforms.Build.0 = Debug|Any CPU
		{18F425B1-7E37-40B0-9E70-CC472970108C}.Release|.NET.ActiveCfg = Release|Any CPU
		{18F425B1-7E37-40B0-9E70-CC472970108C}.Release|Any CPU.ActiveCfg = Release|Any CPU
		{18F425B1-7E37-40B0-9E70-CC472970108C}.Release|Any CPU.Build.0 = Release|Any CPU
		{18F425B1-7E37-40B0-9E70-CC472970108C}.Release|Mixed Platforms.ActiveCfg = Release|Any CPU
		{18F425B1-7E37-40B0-9E70-CC472970108C}.Release|Mixed Platforms.Build.0 = Release|Any CPU
		{18F425B1-7E37-40B0-9E70-CC472970108C}.RM|.NET.ActiveCfg = RM|Any CPU
		{18F425B1-7E37-40B0-9E70-CC472970108C}.RM|Any CPU.ActiveCfg = Debug|Any CPU
		{18F425B1-7E37-40B0-9E70-CC472970108C}.RM|Mixed Platforms.ActiveCfg = RM|Any CPU
		{18F425B1-7E37-40B0-9E70-CC472970108C}.RM|Mixed Platforms.Build.0 = RM|Any CPU
		{18F425B1-7E37-40B0-9E70-CC472970108C}.Staging|.NET.ActiveCfg = Staging|Any CPU
		{18F425B1-7E37-40B0-9E70-CC472970108C}.Staging|Any CPU.ActiveCfg = Staging|Any CPU
		{18F425B1-7E37-40B0-9E70-CC472970108C}.Staging|Mixed Platforms.ActiveCfg = Staging|Any CPU
		{18F425B1-7E37-40B0-9E70-CC472970108C}.Staging|Mixed Platforms.Build.0 = Staging|Any CPU
		{18F425B1-7E37-40B0-9E70-CC472970108C}.Trung|.NET.ActiveCfg = Trung|Any CPU
		{18F425B1-7E37-40B0-9E70-CC472970108C}.Trung|Any CPU.ActiveCfg = Debug|Any CPU
		{18F425B1-7E37-40B0-9E70-CC472970108C}.Trung|Mixed Platforms.ActiveCfg = Trung|Any CPU
		{18F425B1-7E37-40B0-9E70-CC472970108C}.Trung|Mixed Platforms.Build.0 = Trung|Any CPU
		{76261BBB-96C8-4818-BD6F-6120112CAE93}.Debug|.NET.ActiveCfg = Debug|Any CPU
		{76261BBB-96C8-4818-BD6F-6120112CAE93}.Debug|Any CPU.ActiveCfg = Debug|Any CPU
		{76261BBB-96C8-4818-BD6F-6120112CAE93}.Debug|Any CPU.Build.0 = Debug|Any CPU
		{76261BBB-96C8-4818-BD6F-6120112CAE93}.Debug|Mixed Platforms.ActiveCfg = Debug|Any CPU
		{76261BBB-96C8-4818-BD6F-6120112CAE93}.Debug|Mixed Platforms.Build.0 = Debug|Any CPU
		{76261BBB-96C8-4818-BD6F-6120112CAE93}.Release|.NET.ActiveCfg = Release|Any CPU
		{76261BBB-96C8-4818-BD6F-6120112CAE93}.Release|Any CPU.ActiveCfg = Release|Any CPU
		{76261BBB-96C8-4818-BD6F-6120112CAE93}.Release|Any CPU.Build.0 = Release|Any CPU
		{76261BBB-96C8-4818-BD6F-6120112CAE93}.Release|Mixed Platforms.ActiveCfg = Release|Any CPU
		{76261BBB-96C8-4818-BD6F-6120112CAE93}.Release|Mixed Platforms.Build.0 = Release|Any CPU
		{76261BBB-96C8-4818-BD6F-6120112CAE93}.RM|.NET.ActiveCfg = RM|Any CPU
		{76261BBB-96C8-4818-BD6F-6120112CAE93}.RM|Any CPU.ActiveCfg = Debug|Any CPU
		{76261BBB-96C8-4818-BD6F-6120112CAE93}.RM|Mixed Platforms.ActiveCfg = RM|Any CPU
		{76261BBB-96C8-4818-BD6F-6120112CAE93}.RM|Mixed Platforms.Build.0 = RM|Any CPU
		{76261BBB-96C8-4818-BD6F-6120112CAE93}.Staging|.NET.ActiveCfg = Staging|Any CPU
		{76261BBB-96C8-4818-BD6F-6120112CAE93}.Staging|Any CPU.ActiveCfg = Debug|Any CPU
		{76261BBB-96C8-4818-BD6F-6120112CAE93}.Staging|Any CPU.Build.0 = Debug|Any CPU
		{76261BBB-96C8-4818-BD6F-6120112CAE93}.Staging|Mixed Platforms.ActiveCfg = Staging|Any CPU
		{76261BBB-96C8-4818-BD6F-6120112CAE93}.Staging|Mixed Platforms.Build.0 = Staging|Any CPU
		{76261BBB-96C8-4818-BD6F-6120112CAE93}.Trung|.NET.ActiveCfg = Trung|Any CPU
		{76261BBB-96C8-4818-BD6F-6120112CAE93}.Trung|Any CPU.ActiveCfg = Debug|Any CPU
		{76261BBB-96C8-4818-BD6F-6120112CAE93}.Trung|Any CPU.Build.0 = Debug|Any CPU
		{76261BBB-96C8-4818-BD6F-6120112CAE93}.Trung|Mixed Platforms.ActiveCfg = Trung|Any CPU
		{76261BBB-96C8-4818-BD6F-6120112CAE93}.Trung|Mixed Platforms.Build.0 = Trung|Any CPU
		{4912119D-6A5D-4126-BB41-A547C2B9B9B0}.Debug|.NET.ActiveCfg = Debug
		{4912119D-6A5D-4126-BB41-A547C2B9B9B0}.Debug|Any CPU.ActiveCfg = Debug
		{4912119D-6A5D-4126-BB41-A547C2B9B9B0}.Debug|Mixed Platforms.ActiveCfg = Debug
		{4912119D-6A5D-4126-BB41-A547C2B9B9B0}.Release|.NET.ActiveCfg = Release
		{4912119D-6A5D-4126-BB41-A547C2B9B9B0}.Release|Any CPU.ActiveCfg = Release
		{4912119D-6A5D-4126-BB41-A547C2B9B9B0}.Release|Mixed Platforms.ActiveCfg = Release
		{4912119D-6A5D-4126-BB41-A547C2B9B9B0}.RM|.NET.ActiveCfg = RM
		{4912119D-6A5D-4126-BB41-A547C2B9B9B0}.RM|Any CPU.ActiveCfg = Debug
		{4912119D-6A5D-4126-BB41-A547C2B9B9B0}.RM|Mixed Platforms.ActiveCfg = RM
		{4912119D-6A5D-4126-BB41-A547C2B9B9B0}.RM|Mixed Platforms.Build.0 = RM
		{4912119D-6A5D-4126-BB41-A547C2B9B9B0}.Staging|.NET.ActiveCfg = Release
		{4912119D-6A5D-4126-BB41-A547C2B9B9B0}.Staging|Any CPU.ActiveCfg = Release
		{4912119D-6A5D-4126-BB41-A547C2B9B9B0}.Staging|Mixed Platforms.ActiveCfg = Release
		{4912119D-6A5D-4126-BB41-A547C2B9B9B0}.Trung|.NET.ActiveCfg = Release
		{4912119D-6A5D-4126-BB41-A547C2B9B9B0}.Trung|Any CPU.ActiveCfg = Release
		{4912119D-6A5D-4126-BB41-A547C2B9B9B0}.Trung|Mixed Platforms.ActiveCfg = Release
		{E891081B-BE0E-4B91-BC28-EBAF90C25D9F}.Debug|.NET.ActiveCfg = Debug
		{E891081B-BE0E-4B91-BC28-EBAF90C25D9F}.Debug|Any CPU.ActiveCfg = Debug
		{E891081B-BE0E-4B91-BC28-EBAF90C25D9F}.Debug|Mixed Platforms.ActiveCfg = Debug
		{E891081B-BE0E-4B91-BC28-EBAF90C25D9F}.Release|.NET.ActiveCfg = Release
		{E891081B-BE0E-4B91-BC28-EBAF90C25D9F}.Release|Any CPU.ActiveCfg = Release
		{E891081B-BE0E-4B91-BC28-EBAF90C25D9F}.Release|Mixed Platforms.ActiveCfg = Release
		{E891081B-BE0E-4B91-BC28-EBAF90C25D9F}.RM|.NET.ActiveCfg = RM
		{E891081B-BE0E-4B91-BC28-EBAF90C25D9F}.RM|Any CPU.ActiveCfg = Debug
		{E891081B-BE0E-4B91-BC28-EBAF90C25D9F}.RM|Mixed Platforms.ActiveCfg = RM
		{E891081B-BE0E-4B91-BC28-EBAF90C25D9F}.RM|Mixed Platforms.Build.0 = RM
		{E891081B-BE0E-4B91-BC28-EBAF90C25D9F}.Staging|.NET.ActiveCfg = Release
		{E891081B-BE0E-4B91-BC28-EBAF90C25D9F}.Staging|Any CPU.ActiveCfg = Release
		{E891081B-BE0E-4B91-BC28-EBAF90C25D9F}.Staging|Mixed Platforms.ActiveCfg = Release
		{E891081B-BE0E-4B91-BC28-EBAF90C25D9F}.Trung|.NET.ActiveCfg = Release
		{E891081B-BE0E-4B91-BC28-EBAF90C25D9F}.Trung|Any CPU.ActiveCfg = Release
		{E891081B-BE0E-4B91-BC28-EBAF90C25D9F}.Trung|Mixed Platforms.ActiveCfg = Release
		{715E8CF5-A46B-4A78-804C-9F02EAD31363}.Debug|.NET.ActiveCfg = Debug|.NET
		{715E8CF5-A46B-4A78-804C-9F02EAD31363}.Debug|.NET.Build.0 = Debug|.NET
		{715E8CF5-A46B-4A78-804C-9F02EAD31363}.Debug|Any CPU.ActiveCfg = Debug|.NET
		{715E8CF5-A46B-4A78-804C-9F02EAD31363}.Debug|Any CPU.Build.0 = Debug|.NET
		{715E8CF5-A46B-4A78-804C-9F02EAD31363}.Debug|Mixed Platforms.ActiveCfg = Debug|.NET
		{715E8CF5-A46B-4A78-804C-9F02EAD31363}.Debug|Mixed Platforms.Build.0 = Debug|.NET
		{715E8CF5-A46B-4A78-804C-9F02EAD31363}.Release|.NET.ActiveCfg = Debug|.NET
		{715E8CF5-A46B-4A78-804C-9F02EAD31363}.Release|.NET.Build.0 = Debug|.NET
		{715E8CF5-A46B-4A78-804C-9F02EAD31363}.Release|Any CPU.ActiveCfg = Debug|.NET
		{715E8CF5-A46B-4A78-804C-9F02EAD31363}.Release|Mixed Platforms.ActiveCfg = Debug|.NET
		{715E8CF5-A46B-4A78-804C-9F02EAD31363}.Release|Mixed Platforms.Build.0 = Debug|.NET
		{715E8CF5-A46B-4A78-804C-9F02EAD31363}.RM|.NET.ActiveCfg = Debug|.NET
		{715E8CF5-A46B-4A78-804C-9F02EAD31363}.RM|.NET.Build.0 = Debug|.NET
		{715E8CF5-A46B-4A78-804C-9F02EAD31363}.RM|Any CPU.ActiveCfg = Debug|.NET
		{715E8CF5-A46B-4A78-804C-9F02EAD31363}.RM|Mixed Platforms.ActiveCfg = Debug|.NET
		{715E8CF5-A46B-4A78-804C-9F02EAD31363}.RM|Mixed Platforms.Build.0 = Debug|.NET
		{715E8CF5-A46B-4A78-804C-9F02EAD31363}.Staging|.NET.ActiveCfg = Debug|.NET
		{715E8CF5-A46B-4A78-804C-9F02EAD31363}.Staging|.NET.Build.0 = Debug|.NET
		{715E8CF5-A46B-4A78-804C-9F02EAD31363}.Staging|Any CPU.ActiveCfg = Debug|.NET
		{715E8CF5-A46B-4A78-804C-9F02EAD31363}.Staging|Mixed Platforms.ActiveCfg = Debug|.NET
		{715E8CF5-A46B-4A78-804C-9F02EAD31363}.Staging|Mixed Platforms.Build.0 = Debug|.NET
		{715E8CF5-A46B-4A78-804C-9F02EAD31363}.Trung|.NET.ActiveCfg = Debug|.NET
		{715E8CF5-A46B-4A78-804C-9F02EAD31363}.Trung|.NET.Build.0 = Debug|.NET
		{715E8CF5-A46B-4A78-804C-9F02EAD31363}.Trung|Any CPU.ActiveCfg = Debug|.NET
		{715E8CF5-A46B-4A78-804C-9F02EAD31363}.Trung|Mixed Platforms.ActiveCfg = Debug|.NET
		{715E8CF5-A46B-4A78-804C-9F02EAD31363}.Trung|Mixed Platforms.Build.0 = Debug|.NET
		{817CB60D-D3BE-46C4-9E79-39F7C1B3DE57}.Debug|.NET.ActiveCfg = Debug|Any CPU
		{817CB60D-D3BE-46C4-9E79-39F7C1B3DE57}.Debug|Any CPU.ActiveCfg = Debug|Any CPU
		{817CB60D-D3BE-46C4-9E79-39F7C1B3DE57}.Debug|Any CPU.Build.0 = Debug|Any CPU
		{817CB60D-D3BE-46C4-9E79-39F7C1B3DE57}.Debug|Mixed Platforms.ActiveCfg = Debug|Any CPU
		{817CB60D-D3BE-46C4-9E79-39F7C1B3DE57}.Debug|Mixed Platforms.Build.0 = Debug|Any CPU
		{817CB60D-D3BE-46C4-9E79-39F7C1B3DE57}.Release|.NET.ActiveCfg = Release|Any CPU
		{817CB60D-D3BE-46C4-9E79-39F7C1B3DE57}.Release|Any CPU.ActiveCfg = Release|Any CPU
		{817CB60D-D3BE-46C4-9E79-39F7C1B3DE57}.Release|Any CPU.Build.0 = Release|Any CPU
		{817CB60D-D3BE-46C4-9E79-39F7C1B3DE57}.Release|Mixed Platforms.ActiveCfg = Release|Any CPU
		{817CB60D-D3BE-46C4-9E79-39F7C1B3DE57}.Release|Mixed Platforms.Build.0 = Release|Any CPU
		{817CB60D-D3BE-46C4-9E79-39F7C1B3DE57}.RM|.NET.ActiveCfg = RM|Any CPU
		{817CB60D-D3BE-46C4-9E79-39F7C1B3DE57}.RM|Any CPU.ActiveCfg = Debug|Any CPU
		{817CB60D-D3BE-46C4-9E79-39F7C1B3DE57}.RM|Mixed Platforms.ActiveCfg = RM|Any CPU
		{817CB60D-D3BE-46C4-9E79-39F7C1B3DE57}.RM|Mixed Platforms.Build.0 = RM|Any CPU
		{817CB60D-D3BE-46C4-9E79-39F7C1B3DE57}.Staging|.NET.ActiveCfg = Release|Any CPU
		{817CB60D-D3BE-46C4-9E79-39F7C1B3DE57}.Staging|Any CPU.ActiveCfg = Release|Any CPU
		{817CB60D-D3BE-46C4-9E79-39F7C1B3DE57}.Staging|Any CPU.Build.0 = Release|Any CPU
		{817CB60D-D3BE-46C4-9E79-39F7C1B3DE57}.Staging|Mixed Platforms.ActiveCfg = Release|Any CPU
		{817CB60D-D3BE-46C4-9E79-39F7C1B3DE57}.Staging|Mixed Platforms.Build.0 = Release|Any CPU
		{817CB60D-D3BE-46C4-9E79-39F7C1B3DE57}.Trung|.NET.ActiveCfg = Release|Any CPU
		{817CB60D-D3BE-46C4-9E79-39F7C1B3DE57}.Trung|Any CPU.ActiveCfg = Release|Any CPU
		{817CB60D-D3BE-46C4-9E79-39F7C1B3DE57}.Trung|Any CPU.Build.0 = Release|Any CPU
		{817CB60D-D3BE-46C4-9E79-39F7C1B3DE57}.Trung|Mixed Platforms.ActiveCfg = Release|Any CPU
		{817CB60D-D3BE-46C4-9E79-39F7C1B3DE57}.Trung|Mixed Platforms.Build.0 = Release|Any CPU
		{92564125-45E4-41C9-A071-22618EB16DDC}.Debug|.NET.ActiveCfg = Debug|Any CPU
		{92564125-45E4-41C9-A071-22618EB16DDC}.Debug|Any CPU.ActiveCfg = Debug|Any CPU
		{92564125-45E4-41C9-A071-22618EB16DDC}.Debug|Any CPU.Build.0 = Debug|Any CPU
		{92564125-45E4-41C9-A071-22618EB16DDC}.Debug|Mixed Platforms.ActiveCfg = Debug|Any CPU
		{92564125-45E4-41C9-A071-22618EB16DDC}.Debug|Mixed Platforms.Build.0 = Debug|Any CPU
		{92564125-45E4-41C9-A071-22618EB16DDC}.Release|.NET.ActiveCfg = Release|Any CPU
		{92564125-45E4-41C9-A071-22618EB16DDC}.Release|Any CPU.ActiveCfg = Release|Any CPU
		{92564125-45E4-41C9-A071-22618EB16DDC}.Release|Any CPU.Build.0 = Release|Any CPU
		{92564125-45E4-41C9-A071-22618EB16DDC}.Release|Mixed Platforms.ActiveCfg = Release|Any CPU
		{92564125-45E4-41C9-A071-22618EB16DDC}.Release|Mixed Platforms.Build.0 = Release|Any CPU
		{92564125-45E4-41C9-A071-22618EB16DDC}.RM|.NET.ActiveCfg = RM|Any CPU
		{92564125-45E4-41C9-A071-22618EB16DDC}.RM|Any CPU.ActiveCfg = Debug|Any CPU
		{92564125-45E4-41C9-A071-22618EB16DDC}.RM|Any CPU.Build.0 = Debug|Any CPU
		{92564125-45E4-41C9-A071-22618EB16DDC}.RM|Mixed Platforms.ActiveCfg = RM|Any CPU
		{92564125-45E4-41C9-A071-22618EB16DDC}.RM|Mixed Platforms.Build.0 = RM|Any CPU
		{92564125-45E4-41C9-A071-22618EB16DDC}.Staging|.NET.ActiveCfg = Release|Any CPU
		{92564125-45E4-41C9-A071-22618EB16DDC}.Staging|Any CPU.ActiveCfg = Release|Any CPU
		{92564125-45E4-41C9-A071-22618EB16DDC}.Staging|Any CPU.Build.0 = Release|Any CPU
		{92564125-45E4-41C9-A071-22618EB16DDC}.Staging|Mixed Platforms.ActiveCfg = Release|Any CPU
		{92564125-45E4-41C9-A071-22618EB16DDC}.Staging|Mixed Platforms.Build.0 = Release|Any CPU
		{92564125-45E4-41C9-A071-22618EB16DDC}.Trung|.NET.ActiveCfg = Release|Any CPU
		{92564125-45E4-41C9-A071-22618EB16DDC}.Trung|Any CPU.ActiveCfg = Release|Any CPU
		{92564125-45E4-41C9-A071-22618EB16DDC}.Trung|Any CPU.Build.0 = Release|Any CPU
		{92564125-45E4-41C9-A071-22618EB16DDC}.Trung|Mixed Platforms.ActiveCfg = Release|Any CPU
		{92564125-45E4-41C9-A071-22618EB16DDC}.Trung|Mixed Platforms.Build.0 = Release|Any CPU
	EndGlobalSection
	GlobalSection(SolutionProperties) = preSolution
		HideSolutionNode = FALSE
	EndGlobalSection
	GlobalSection(NestedProjects) = preSolution
		{8F73B782-2337-4D94-9FAF-F3ACE01119B7} = {25C8B377-7E69-474F-A3DF-46FA240B59CA}
		{EE40C15E-7A06-4583-AC73-9B4C10AC6C3D} = {1F6F1AC0-83A6-495B-A185-9406A520EBF9}
		{A78AA11C-A99A-491A-B9E0-81AC881087D8} = {1F6F1AC0-83A6-495B-A185-9406A520EBF9}
		{92564125-45E4-41C9-A071-22618EB16DDC} = {1F6F1AC0-83A6-495B-A185-9406A520EBF9}
		{475C3EE0-BF1D-48B1-B87C-0DC2D588F3F9} = {962903CF-3771-4BD2-AD37-785E649D437E}
		{4912119D-6A5D-4126-BB41-A547C2B9B9B0} = {962903CF-3771-4BD2-AD37-785E649D437E}
		{E891081B-BE0E-4B91-BC28-EBAF90C25D9F} = {962903CF-3771-4BD2-AD37-785E649D437E}
		{E275D0E0-5C75-488B-BCB1-80DFB9AF4A7F} = {718BCAD0-B2C8-497C-BACE-70FCF0387A11}
		{813868D4-6CCA-4062-ACD2-E21CED488BCC} = {718BCAD0-B2C8-497C-BACE-70FCF0387A11}
		{3DA8B1E6-4752-4D64-ACC1-CCE28ABA8B8B} = {718BCAD0-B2C8-497C-BACE-70FCF0387A11}
		{363F0E54-D29E-49F5-B691-0A87D9B81C74} = {59D1D962-7DD7-49D3-B88D-7692B8680A95}
		{715E8CF5-A46B-4A78-804C-9F02EAD31363} = {59D1D962-7DD7-49D3-B88D-7692B8680A95}
		{2DE01D34-8BB3-45C7-9E2F-47007157A174} = {B15DA328-5235-4756-8C50-7D92D07CAC4A}
		{4AFBAB66-CBCC-4BC4-BDBB-A39A95214B81} = {B15DA328-5235-4756-8C50-7D92D07CAC4A}
		{4DCB5955-4E16-4236-84B1-3EE02E2A10D7} = {B15DA328-5235-4756-8C50-7D92D07CAC4A}
		{E811F3B8-5C4D-419E-8F8E-BDA0EE467163} = {B15DA328-5235-4756-8C50-7D92D07CAC4A}
		{0C169D9C-3AD0-4331-AB0A-9BF3ECA7493F} = {B15DA328-5235-4756-8C50-7D92D07CAC4A}
		{F642958F-5D37-46B2-B4B1-21B7A40DC571} = {39483569-4434-4F5A-9084-D7EA4CFA1FFA}
		{817CB60D-D3BE-46C4-9E79-39F7C1B3DE57} = {39483569-4434-4F5A-9084-D7EA4CFA1FFA}
		{92C56B46-D031-4BBD-B23A-0C0419F6430E} = {B9F71CB8-6E0D-4670-B65E-46FFC558ABDC}
		{CE810334-5DCE-435B-97B7-382A5340FB9C} = {B9F71CB8-6E0D-4670-B65E-46FFC558ABDC}
		{32C42ABF-759E-45A0-BF96-E091BD2DADB1} = {FF881102-B42A-48CD-A771-21E9786950C9}
		{2142749B-022E-4033-BB19-8A0436661020} = {FF881102-B42A-48CD-A771-21E9786950C9}
		{18F425B1-7E37-40B0-9E70-CC472970108C} = {2AD5733F-9753-4BC1-81E9-C89D25523CF2}
		{76261BBB-96C8-4818-BD6F-6120112CAE93} = {2AD5733F-9753-4BC1-81E9-C89D25523CF2}
	EndGlobalSection
	GlobalSection(SourceCodeControl) = preSolution
		SccNumberOfProjects = 22
		SccLocalPath0 = .
		SccProjectUniqueName1 = Business\u0020Objects\\Discovery.csproj
		SccProjectTopLevelParentUniqueName1 = Discovery.sln
		SccLocalPath1 = .
		SccProjectFilePathRelativizedFromConnection1 = Business\u0020Objects\\
		SccProjectUniqueName2 = Data\u0020Access\\Discovery.SQLDataAccessProvider\\Discovery.SQLDataAccessProvider.csproj
		SccProjectTopLevelParentUniqueName2 = Discovery.sln
		SccLocalPath2 = .
		SccProjectFilePathRelativizedFromConnection2 = Data\u0020Access\\Discovery.SQLDataAccessProvider\\
		SccProjectUniqueName3 = Data\u0020Access\\DiscoveryDatabase\\DiscoveryDatabase.dbp
		SccProjectTopLevelParentUniqueName3 = Discovery.sln
		SccLocalPath3 = .
		SccProjectFilePathRelativizedFromConnection3 = Data\u0020Access\\DiscoveryDatabase\\
		SccProjectUniqueName4 = Deployment\\Discovery.IntegrationSetup\\Discovery.IntegrationSetup.vdproj
		SccProjectTopLevelParentUniqueName4 = Discovery.sln
		SccLocalPath4 = .
		SccProjectFilePathRelativizedFromConnection4 = Deployment\\Discovery.IntegrationSetup\\
		SccProjectUniqueName5 = Deployment\\Discovery.RequestManagerSetup\\Discovery.RequestManagerSetup.vdproj
		SccProjectTopLevelParentUniqueName5 = Discovery.sln
		SccLocalPath5 = .
		SccProjectFilePathRelativizedFromConnection5 = Deployment\\Discovery.RequestManagerSetup\\
		SccProjectUniqueName6 = Deployment\\Discovery.UI_deployment\\Discovery.UI_deployment.wdproj
		SccProjectTopLevelParentUniqueName6 = Discovery.sln
		SccLocalPath6 = .
		SccProjectFilePathRelativizedFromConnection6 = Deployment\\Discovery.UI_deployment\\
		SccProjectUniqueName7 = Integration\\Discovery.Integration.Service\\Discovery.Integration.Service.csproj
		SccProjectTopLevelParentUniqueName7 = Discovery.sln
		SccLocalPath7 = .
		SccProjectFilePathRelativizedFromConnection7 = Integration\\Discovery.Integration.Service\\
		SccProjectUniqueName8 = Integration\\Discovery.Integration.Testharness\\Discovery.Integration.Testharness.csproj
		SccProjectTopLevelParentUniqueName8 = Discovery.sln
		SccLocalPath8 = .
		SccProjectFilePathRelativizedFromConnection8 = Integration\\Discovery.Integration.Testharness\\
		SccProjectUniqueName9 = Integration\\Discovery.Integration\\Discovery.Integration.csproj
		SccProjectTopLevelParentUniqueName9 = Discovery.sln
		SccLocalPath9 = .
		SccProjectFilePathRelativizedFromConnection9 = Integration\\Discovery.Integration\\
		SccProjectUniqueName10 = Presentation\\Discovery.Web.UI.CustomControls\\Discovery.Web.UI.CustomControls.csproj
		SccProjectTopLevelParentUniqueName10 = Discovery.sln
		SccLocalPath10 = .
		SccProjectFilePathRelativizedFromConnection10 = Presentation\\Discovery.Web.UI.CustomControls\\
		SccProjectUniqueName11 = RequestManagement\\Discovery.RequestManager.Service\\Discovery.RequestManager.Service.csproj
		SccProjectTopLevelParentUniqueName11 = Discovery.sln
		SccLocalPath11 = .
		SccProjectFilePathRelativizedFromConnection11 = RequestManagement\\Discovery.RequestManager.Service\\
		SccProjectUniqueName12 = RequestManagement\\Discovery.RequestManager.TestHarness\\Discovery.RequestManager.TestHarness.csproj
		SccProjectTopLevelParentUniqueName12 = Discovery.sln
		SccLocalPath12 = .
		SccProjectFilePathRelativizedFromConnection12 = RequestManagement\\Discovery.RequestManager.TestHarness\\
		SccProjectUniqueName13 = RequestManagement\\Discovery.RequestManager\\Discovery.RequestManager.csproj
		SccProjectTopLevelParentUniqueName13 = Discovery.sln
		SccLocalPath13 = .
		SccProjectFilePathRelativizedFromConnection13 = RequestManagement\\Discovery.RequestManager\\
		SccProjectUniqueName14 = RequestManagement\\Discovery.RequestManagerClient.TestHarness\\Discovery.RequestManagerClient.TestHarness.csproj
		SccProjectTopLevelParentUniqueName14 = Discovery.sln
		SccLocalPath14 = .
		SccProjectFilePathRelativizedFromConnection14 = RequestManagement\\Discovery.RequestManagerClient.TestHarness\\
		SccProjectUniqueName15 = RequestManagement\\Discovery.RequestManagerClient\\Discovery.RequestManagerClient.csproj
		SccProjectTopLevelParentUniqueName15 = Discovery.sln
		SccLocalPath15 = .
		SccProjectFilePathRelativizedFromConnection15 = RequestManagement\\Discovery.RequestManagerClient\\
		SccProjectUniqueName16 = Scheduling\\Discovery.Scheduling\\Discovery.Scheduling.csproj
		SccProjectTopLevelParentUniqueName16 = Discovery.sln
		SccLocalPath16 = .
		SccProjectFilePathRelativizedFromConnection16 = Scheduling\\Discovery.Scheduling\\
		SccProjectUniqueName17 = Support\\Discovery.Utility\\Discovery.Utility.csproj
		SccProjectTopLevelParentUniqueName17 = Discovery.sln
		SccLocalPath17 = .
		SccProjectFilePathRelativizedFromConnection17 = Support\\Discovery.Utility\\
		SccProjectUniqueName18 = Support\\ValidationFramework\\ValidationFramework.csproj
		SccProjectTopLevelParentUniqueName18 = Discovery.sln
		SccLocalPath18 = .
		SccProjectFilePathRelativizedFromConnection18 = Support\\ValidationFramework\\
		SccProjectUniqueName19 = Testing\\Discovery.NonWorkingDay.Test\\Discovery.NonWorkingDay.Test.csproj
		SccProjectTopLevelParentUniqueName19 = Discovery.sln
		SccLocalPath19 = .
		SccProjectFilePathRelativizedFromConnection19 = Testing\\Discovery.NonWorkingDay.Test\\
		SccProjectUniqueName20 = Testing\\Discovery.UnitTests\\Discovery.UnitTests.csproj
		SccProjectTopLevelParentUniqueName20 = Discovery.sln
		SccLocalPath20 = .
		SccProjectFilePathRelativizedFromConnection20 = Testing\\Discovery.UnitTests\\
		SccWebProject21 = true
		SccProjectUniqueName21 = ..\\Discovery.UI
		SccProjectTopLevelParentUniqueName21 = Discovery.sln
		SccProjectName21 = \u0022$/Management\u0020Server/Discovery.UI\u0022,\u0020YXQAAAAA
		SccLocalPath21 = ..\\Discovery.UI
		SccProjectEnlistmentChoice21 = 2
	EndGlobalSection
EndGlobal
