Microsoft Visual Studio Solution File, Format Version 8.00
Project("{FAE04EC0-301F-11D3-BF4B-00C04F79EFBC}") = "HBOS.FS.AMP.Data.Adapter", "HBOS.FS.AMP.Data.Adapter\HBOS.FS.AMP.Data.Adapter.csproj", "{DE795252-7902-46E8-81F0-9219312A535E}"
	ProjectSection(ProjectDependencies) = postProject
	EndProjectSection
EndProject
Project("{FAE04EC0-301F-11D3-BF4B-00C04F79EFBC}") = "HBOS.FS.AMP.Data.Persister", "HBOS.FS.AMP.Data.Persister\HBOS.FS.AMP.Data.Persister.csproj", "{67E8A0FA-6D2B-4356-870A-D09E97EA09AF}"
	ProjectSection(ProjectDependencies) = postProject
	EndProjectSection
EndProject
Project("{FAE04EC0-301F-11D3-BF4B-00C04F79EFBC}") = "HBOS.FS.AMP.Data.Persister.Interface", "HBOS.FS.AMP.Data.Persister.Interface\HBOS.FS.AMP.Data.Persister.Interface.csproj", "{B1398B46-1215-432C-B798-0B8E6189B618}"
	ProjectSection(ProjectDependencies) = postProject
	EndProjectSection
EndProject
Project("{FAE04EC0-301F-11D3-BF4B-00C04F79EFBC}") = "HBOS.FS.AMP.Data.Transfer", "HBOS.FS.AMP.Data.Transfer\HBOS.FS.AMP.Data.Transfer.csproj", "{305837A7-E15B-4B29-AB38-FC4422B5DC35}"
	ProjectSection(ProjectDependencies) = postProject
	EndProjectSection
EndProject
Project("{FAE04EC0-301F-11D3-BF4B-00C04F79EFBC}") = "HBOS.FS.AMP.Data.Transfer.Interface", "HBOS.FS.AMP.Data.Transfer.Interface\HBOS.FS.AMP.Data.Transfer.Interface.csproj", "{FE4CFC55-45E2-4490-8A0C-B4F8AE5AFC43}"
	ProjectSection(ProjectDependencies) = postProject
	EndProjectSection
EndProject
Project("{FAE04EC0-301F-11D3-BF4B-00C04F79EFBC}") = "HBOS.FS.AMP.Data.Validator", "HBOS.FS.AMP.Data.Validator\HBOS.FS.AMP.Data.Validator.csproj", "{2D2D4BF2-9B79-4491-BB56-29BFF3940DE5}"
	ProjectSection(ProjectDependencies) = postProject
	EndProjectSection
EndProject
Project("{FAE04EC0-301F-11D3-BF4B-00C04F79EFBC}") = "HBOS.FS.AMP.Data.Types", "HBOS.FS.AMP.Data.Types\HBOS.FS.AMP.Data.Types.csproj", "{EB957E97-F7ED-44E1-BD4F-18637F94A0FA}"
	ProjectSection(ProjectDependencies) = postProject
	EndProjectSection
EndProject
Project("{FAE04EC0-301F-11D3-BF4B-00C04F79EFBC}") = "HBOS.FS.AMP.Data.Validator.Interface", "HBOS.FS.AMP.Data.Validator.Interface\HBOS.FS.AMP.Data.Validator.Interface.csproj", "{ECBF1DF6-244D-41B4-BAFC-08913DA39CC9}"
	ProjectSection(ProjectDependencies) = postProject
	EndProjectSection
EndProject
Project("{FAE04EC0-301F-11D3-BF4B-00C04F79EFBC}") = "Dependencies", "Dependencies\Dependencies.csproj", "{6AA91841-5E01-4453-83E8-B643AB699571}"
	ProjectSection(ProjectDependencies) = postProject
	EndProjectSection
EndProject
Project("{FAE04EC0-301F-11D3-BF4B-00C04F79EFBC}") = "HBOS.FS.AMP.Data", "HBOS.FS.AMP.Data\HBOS.FS.AMP.Data.csproj", "{6DC1BE54-FA28-4755-97D9-1B00CD7B0CF8}"
	ProjectSection(ProjectDependencies) = postProject
	EndProjectSection
EndProject
Global
	GlobalSection(SourceCodeControl) = preSolution
		SccNumberOfProjects = 11
		SccLocalPath0 = .
		CanCheckoutShared = false
		SolutionUniqueID = {82B5EC6E-C4AA-4F46-A5AF-6544164A8382}
		SccProjectUniqueName1 = HBOS.FS.AMP.Data.Adapter\\HBOS.FS.AMP.Data.Adapter.csproj
		SccLocalPath1 = .
		CanCheckoutShared = false
		SccProjectFilePathRelativizedFromConnection1 = HBOS.FS.AMP.Data.Adapter\\
		SccProjectUniqueName2 = HBOS.FS.AMP.Data.Persister.Interface\\HBOS.FS.AMP.Data.Persister.Interface.csproj
		SccLocalPath2 = .
		CanCheckoutShared = false
		SccProjectFilePathRelativizedFromConnection2 = HBOS.FS.AMP.Data.Persister.Interface\\
		SccProjectUniqueName3 = HBOS.FS.AMP.Data.Persister\\HBOS.FS.AMP.Data.Persister.csproj
		SccLocalPath3 = .
		CanCheckoutShared = false
		SccProjectFilePathRelativizedFromConnection3 = HBOS.FS.AMP.Data.Persister\\
		SccProjectUniqueName4 = HBOS.FS.AMP.Data.Transfer.Interface\\HBOS.FS.AMP.Data.Transfer.Interface.csproj
		SccLocalPath4 = .
		CanCheckoutShared = false
		SccProjectFilePathRelativizedFromConnection4 = HBOS.FS.AMP.Data.Transfer.Interface\\
		SccProjectUniqueName5 = HBOS.FS.AMP.Data.Transfer\\HBOS.FS.AMP.Data.Transfer.csproj
		SccLocalPath5 = .
		CanCheckoutShared = false
		SccProjectFilePathRelativizedFromConnection5 = HBOS.FS.AMP.Data.Transfer\\
		SccProjectUniqueName6 = HBOS.FS.AMP.Data.Types\\HBOS.FS.AMP.Data.Types.csproj
		SccLocalPath6 = .
		CanCheckoutShared = false
		SccProjectFilePathRelativizedFromConnection6 = HBOS.FS.AMP.Data.Types\\
		SccProjectUniqueName7 = HBOS.FS.AMP.Data.Validator\\HBOS.FS.AMP.Data.Validator.csproj
		SccLocalPath7 = .
		CanCheckoutShared = false
		SccProjectFilePathRelativizedFromConnection7 = HBOS.FS.AMP.Data.Validator\\
		SccProjectUniqueName8 = HBOS.FS.AMP.Data.Validator.Interface\\HBOS.FS.AMP.Data.Validator.Interface.csproj
		SccLocalPath8 = .
		CanCheckoutShared = false
		SccProjectFilePathRelativizedFromConnection8 = HBOS.FS.AMP.Data.Validator.Interface\\
		SccProjectUniqueName9 = Dependencies\\Dependencies.csproj
		SccLocalPath9 = .
		CanCheckoutShared = false
		SccProjectFilePathRelativizedFromConnection9 = Dependencies\\
		SccProjectUniqueName10 = HBOS.FS.AMP.Data\\HBOS.FS.AMP.Data.csproj
		SccLocalPath10 = .
		CanCheckoutShared = false
		SccProjectFilePathRelativizedFromConnection10 = HBOS.FS.AMP.Data\\
	EndGlobalSection
	GlobalSection(SolutionConfiguration) = preSolution
		Debug = Debug
		Release = Release
	EndGlobalSection
	GlobalSection(ProjectConfiguration) = postSolution
		{DE795252-7902-46E8-81F0-9219312A535E}.Debug.ActiveCfg = Debug|.NET
		{DE795252-7902-46E8-81F0-9219312A535E}.Debug.Build.0 = Debug|.NET
		{DE795252-7902-46E8-81F0-9219312A535E}.Release.ActiveCfg = Release|.NET
		{DE795252-7902-46E8-81F0-9219312A535E}.Release.Build.0 = Release|.NET
		{67E8A0FA-6D2B-4356-870A-D09E97EA09AF}.Debug.ActiveCfg = Debug|.NET
		{67E8A0FA-6D2B-4356-870A-D09E97EA09AF}.Debug.Build.0 = Debug|.NET
		{67E8A0FA-6D2B-4356-870A-D09E97EA09AF}.Release.ActiveCfg = Release|.NET
		{67E8A0FA-6D2B-4356-870A-D09E97EA09AF}.Release.Build.0 = Release|.NET
		{B1398B46-1215-432C-B798-0B8E6189B618}.Debug.ActiveCfg = Debug|.NET
		{B1398B46-1215-432C-B798-0B8E6189B618}.Debug.Build.0 = Debug|.NET
		{B1398B46-1215-432C-B798-0B8E6189B618}.Release.ActiveCfg = Release|.NET
		{B1398B46-1215-432C-B798-0B8E6189B618}.Release.Build.0 = Release|.NET
		{305837A7-E15B-4B29-AB38-FC4422B5DC35}.Debug.ActiveCfg = Debug|.NET
		{305837A7-E15B-4B29-AB38-FC4422B5DC35}.Debug.Build.0 = Debug|.NET
		{305837A7-E15B-4B29-AB38-FC4422B5DC35}.Release.ActiveCfg = Release|.NET
		{305837A7-E15B-4B29-AB38-FC4422B5DC35}.Release.Build.0 = Release|.NET
		{FE4CFC55-45E2-4490-8A0C-B4F8AE5AFC43}.Debug.ActiveCfg = Debug|.NET
		{FE4CFC55-45E2-4490-8A0C-B4F8AE5AFC43}.Debug.Build.0 = Debug|.NET
		{FE4CFC55-45E2-4490-8A0C-B4F8AE5AFC43}.Release.ActiveCfg = Release|.NET
		{FE4CFC55-45E2-4490-8A0C-B4F8AE5AFC43}.Release.Build.0 = Release|.NET
		{2D2D4BF2-9B79-4491-BB56-29BFF3940DE5}.Debug.ActiveCfg = Debug|.NET
		{2D2D4BF2-9B79-4491-BB56-29BFF3940DE5}.Debug.Build.0 = Debug|.NET
		{2D2D4BF2-9B79-4491-BB56-29BFF3940DE5}.Release.ActiveCfg = Release|.NET
		{2D2D4BF2-9B79-4491-BB56-29BFF3940DE5}.Release.Build.0 = Release|.NET
		{EB957E97-F7ED-44E1-BD4F-18637F94A0FA}.Debug.ActiveCfg = Debug|.NET
		{EB957E97-F7ED-44E1-BD4F-18637F94A0FA}.Debug.Build.0 = Debug|.NET
		{EB957E97-F7ED-44E1-BD4F-18637F94A0FA}.Release.ActiveCfg = Release|.NET
		{EB957E97-F7ED-44E1-BD4F-18637F94A0FA}.Release.Build.0 = Release|.NET
		{ECBF1DF6-244D-41B4-BAFC-08913DA39CC9}.Debug.ActiveCfg = Debug|.NET
		{ECBF1DF6-244D-41B4-BAFC-08913DA39CC9}.Debug.Build.0 = Debug|.NET
		{ECBF1DF6-244D-41B4-BAFC-08913DA39CC9}.Release.ActiveCfg = Release|.NET
		{ECBF1DF6-244D-41B4-BAFC-08913DA39CC9}.Release.Build.0 = Release|.NET
		{6AA91841-5E01-4453-83E8-B643AB699571}.Debug.ActiveCfg = Debug|.NET
		{6AA91841-5E01-4453-83E8-B643AB699571}.Release.ActiveCfg = Release|.NET
		{6DC1BE54-FA28-4755-97D9-1B00CD7B0CF8}.Debug.ActiveCfg = Debug|.NET
		{6DC1BE54-FA28-4755-97D9-1B00CD7B0CF8}.Debug.Build.0 = Debug|.NET
		{6DC1BE54-FA28-4755-97D9-1B00CD7B0CF8}.Release.ActiveCfg = Release|.NET
		{6DC1BE54-FA28-4755-97D9-1B00CD7B0CF8}.Release.Build.0 = Release|.NET
	EndGlobalSection
	GlobalSection(ExtensibilityGlobals) = postSolution
	EndGlobalSection
	GlobalSection(ExtensibilityAddIns) = postSolution
	EndGlobalSection
EndGlobal
