Microsoft Visual Studio Solution File, Format Version 8.00
Project("{FAE04EC0-301F-11D3-BF4B-00C04F79EFBC}") = "HBOS.FS.AMP.Configuration", "HBOS.FS.AMP.Configuration\HBOS.FS.AMP.Configuration.csproj", "{A567D0E4-F3C0-469B-BD02-0473DCCC33D0}"
	ProjectSection(ProjectDependencies) = postProject
	EndProjectSection
EndProject
Global
	GlobalSection(SolutionConfiguration) = preSolution
		Debug = Debug
		Release = Release
	EndGlobalSection
	GlobalSection(ProjectConfiguration) = postSolution
		{A567D0E4-F3C0-469B-BD02-0473DCCC33D0}.Debug.ActiveCfg = Debug|.NET
		{A567D0E4-F3C0-469B-BD02-0473DCCC33D0}.Debug.Build.0 = Debug|.NET
		{A567D0E4-F3C0-469B-BD02-0473DCCC33D0}.Release.ActiveCfg = Release|.NET
		{A567D0E4-F3C0-469B-BD02-0473DCCC33D0}.Release.Build.0 = Release|.NET
	EndGlobalSection
	GlobalSection(ExtensibilityGlobals) = postSolution
	EndGlobalSection
	GlobalSection(ExtensibilityAddIns) = postSolution
	EndGlobalSection
EndGlobal
