Microsoft Visual Studio Solution File, Format Version 8.00
Project("{FAE04EC0-301F-11D3-BF4B-00C04F79EFBC}") = "Example Usage", "Example Usage\Example Usage.csproj", "{977DFCC4-006C-4073-BD6C-25490E337FB0}"
	ProjectSection(ProjectDependencies) = postProject
	EndProjectSection
EndProject
Project("{FAE04EC0-301F-11D3-BF4B-00C04F79EFBC}") = "HBOS.FS.AMP.Security", "HBOS.FS.AMP.Security\HBOS.FS.AMP.Security.csproj", "{819BDE03-DF0C-40FC-B0A6-8B92307F925A}"
	ProjectSection(ProjectDependencies) = postProject
	EndProjectSection
EndProject
Global
	GlobalSection(SourceCodeControl) = preSolution
		SccNumberOfProjects = 3
		SccLocalPath0 = .
		CanCheckoutShared = false
		SolutionUniqueID = {33B108B5-9DA2-4D61-96DA-770A8CDADA5F}
		SccProjectUniqueName1 = Example\u0020Usage\\Example\u0020Usage.csproj
		SccLocalPath1 = .
		CanCheckoutShared = false
		SccProjectFilePathRelativizedFromConnection1 = Example\u0020Usage\\
		SccProjectUniqueName2 = HBOS.FS.AMP.Security\\HBOS.FS.AMP.Security.csproj
		SccLocalPath2 = .
		CanCheckoutShared = false
		SccProjectFilePathRelativizedFromConnection2 = HBOS.FS.AMP.Security\\
	EndGlobalSection
	GlobalSection(SolutionConfiguration) = preSolution
		Debug = Debug
		Release = Release
	EndGlobalSection
	GlobalSection(ProjectConfiguration) = postSolution
		{977DFCC4-006C-4073-BD6C-25490E337FB0}.Debug.ActiveCfg = Debug|.NET
		{977DFCC4-006C-4073-BD6C-25490E337FB0}.Debug.Build.0 = Debug|.NET
		{977DFCC4-006C-4073-BD6C-25490E337FB0}.Release.ActiveCfg = Release|.NET
		{977DFCC4-006C-4073-BD6C-25490E337FB0}.Release.Build.0 = Release|.NET
		{819BDE03-DF0C-40FC-B0A6-8B92307F925A}.Debug.ActiveCfg = Debug|.NET
		{819BDE03-DF0C-40FC-B0A6-8B92307F925A}.Debug.Build.0 = Debug|.NET
		{819BDE03-DF0C-40FC-B0A6-8B92307F925A}.Release.ActiveCfg = Release|.NET
		{819BDE03-DF0C-40FC-B0A6-8B92307F925A}.Release.Build.0 = Release|.NET
	EndGlobalSection
	GlobalSection(SolutionItems) = postSolution
		HBOS.FS.AMP.Security.fxcop = HBOS.FS.AMP.Security.fxcop
		HBOS.FS.AMP.Security.ndoc = HBOS.FS.AMP.Security.ndoc
	EndGlobalSection
	GlobalSection(ExtensibilityGlobals) = postSolution
	EndGlobalSection
	GlobalSection(ExtensibilityAddIns) = postSolution
	EndGlobalSection
EndGlobal
