Microsoft Visual Studio Solution File, Format Version 8.00
Project("{FAE04EC0-301F-11D3-BF4B-00C04F79EFBC}") = "Grid Demo", "Grid Demo.csproj", "{63DC15DD-07D0-458F-9798-11F8913FC604}"
	ProjectSection(ProjectDependencies) = postProject
	EndProjectSection
EndProject
Project("{FAE04EC0-301F-11D3-BF4B-00C04F79EFBC}") = "HBOS.FS.AMP.Windows.Controls", "..\..\HBOS.FS.AMP.Controls\HBOS.FS.AMP.Windows.Controls.csproj", "{38B75920-A088-4994-8944-2CEDA680045F}"
	ProjectSection(ProjectDependencies) = postProject
	EndProjectSection
EndProject
Global
	GlobalSection(SourceCodeControl) = preSolution
		SccNumberOfProjects = 3
		SccLocalPath0 = .
		CanCheckoutShared = false
		SolutionUniqueID = {1B12ECA8-1BD2-4AB8-BE04-E8B2466C5981}
		SccProjectUniqueName1 = Grid\u0020Demo.csproj
		SccLocalPath1 = .
		CanCheckoutShared = false
		SccProjectUniqueName2 = ..\\..\\HBOS.FS.AMP.Controls\\HBOS.FS.AMP.Windows.Controls.csproj
		SccProjectName2 = $/564_AssetManagementProject/HBOS.FS.AMP.Windows.Controls/HBOS.FS.AMP.Controls
		SccLocalPath2 = ..\\..\\HBOS.FS.AMP.Controls
		CanCheckoutShared = false
	EndGlobalSection
	GlobalSection(SolutionConfiguration) = preSolution
		Debug = Debug
		Release = Release
	EndGlobalSection
	GlobalSection(ProjectConfiguration) = postSolution
		{63DC15DD-07D0-458F-9798-11F8913FC604}.Debug.ActiveCfg = Debug|.NET
		{63DC15DD-07D0-458F-9798-11F8913FC604}.Debug.Build.0 = Debug|.NET
		{63DC15DD-07D0-458F-9798-11F8913FC604}.Release.ActiveCfg = Release|.NET
		{63DC15DD-07D0-458F-9798-11F8913FC604}.Release.Build.0 = Release|.NET
		{38B75920-A088-4994-8944-2CEDA680045F}.Debug.ActiveCfg = Debug|.NET
		{38B75920-A088-4994-8944-2CEDA680045F}.Debug.Build.0 = Debug|.NET
		{38B75920-A088-4994-8944-2CEDA680045F}.Release.ActiveCfg = Release|.NET
		{38B75920-A088-4994-8944-2CEDA680045F}.Release.Build.0 = Release|.NET
	EndGlobalSection
	GlobalSection(ExtensibilityGlobals) = postSolution
	EndGlobalSection
	GlobalSection(ExtensibilityAddIns) = postSolution
	EndGlobalSection
EndGlobal
