
Microsoft Visual Studio Solution File, Format Version 9.00
# Visual Studio 2005
Project("{E24C65DC-7377-472B-9ABA-BC803B73C61A}") = "C:\...\omam\", "omam\", "{E1E1224F-AA57-4E79-9928-4030D97C6A3C}"
	ProjectSection(WebsiteProperties) = preProject
		Debug.AspNetCompiler.VirtualPath = "/omam"
		Debug.AspNetCompiler.PhysicalPath = "omam\"
		Debug.AspNetCompiler.TargetPath = "PrecompiledWeb\omam\"
		Debug.AspNetCompiler.Updateable = "true"
		Debug.AspNetCompiler.ForceOverwrite = "true"
		Debug.AspNetCompiler.FixedNames = "false"
		Debug.AspNetCompiler.Debug = "True"
		Release.AspNetCompiler.VirtualPath = "/omam"
		Release.AspNetCompiler.PhysicalPath = "omam\"
		Release.AspNetCompiler.TargetPath = "PrecompiledWeb\omam\"
		Release.AspNetCompiler.Updateable = "true"
		Release.AspNetCompiler.ForceOverwrite = "true"
		Release.AspNetCompiler.FixedNames = "false"
		Release.AspNetCompiler.Debug = "False"
		VWDPort = "49562"
	EndProjectSection
EndProject
Global
	GlobalSection(SolutionConfigurationPlatforms) = preSolution
		Debug|.NET = Debug|.NET
	EndGlobalSection
	GlobalSection(ProjectConfigurationPlatforms) = postSolution
		{E1E1224F-AA57-4E79-9928-4030D97C6A3C}.Debug|.NET.ActiveCfg = Debug|.NET
		{E1E1224F-AA57-4E79-9928-4030D97C6A3C}.Debug|.NET.Build.0 = Debug|.NET
	EndGlobalSection
	GlobalSection(SolutionProperties) = preSolution
		HideSolutionNode = FALSE
	EndGlobalSection
EndGlobal
