
Microsoft Visual Studio Solution File, Format Version 9.00
# Visual Studio 2005
Project("{FAE04EC0-301F-11D3-BF4B-00C04F79EFBC}") = "DeliveryOrderWorkflow", "WorkflowConsoleApplication2\DeliveryOrderWorkflow.csproj", "{878DAF42-115F-4455-9242-135F4D8A0612}"
EndProject
Project("{FAE04EC0-301F-11D3-BF4B-00C04F79EFBC}") = "WindowsApplication1", "WindowsApplication1\WindowsApplication1.csproj", "{C2A9FC8C-C8D6-4C07-9570-002464DBBB79}"
EndProject
Global
	GlobalSection(SolutionConfigurationPlatforms) = preSolution
		Debug|Any CPU = Debug|Any CPU
		Release|Any CPU = Release|Any CPU
	EndGlobalSection
	GlobalSection(ProjectConfigurationPlatforms) = postSolution
		{878DAF42-115F-4455-9242-135F4D8A0612}.Debug|Any CPU.ActiveCfg = Debug|Any CPU
		{878DAF42-115F-4455-9242-135F4D8A0612}.Debug|Any CPU.Build.0 = Debug|Any CPU
		{878DAF42-115F-4455-9242-135F4D8A0612}.Release|Any CPU.ActiveCfg = Release|Any CPU
		{878DAF42-115F-4455-9242-135F4D8A0612}.Release|Any CPU.Build.0 = Release|Any CPU
		{C2A9FC8C-C8D6-4C07-9570-002464DBBB79}.Debug|Any CPU.ActiveCfg = Debug|Any CPU
		{C2A9FC8C-C8D6-4C07-9570-002464DBBB79}.Debug|Any CPU.Build.0 = Debug|Any CPU
		{C2A9FC8C-C8D6-4C07-9570-002464DBBB79}.Release|Any CPU.ActiveCfg = Release|Any CPU
		{C2A9FC8C-C8D6-4C07-9570-002464DBBB79}.Release|Any CPU.Build.0 = Release|Any CPU
	EndGlobalSection
	GlobalSection(SolutionProperties) = preSolution
		HideSolutionNode = FALSE
	EndGlobalSection
EndGlobal
