
Microsoft Visual Studio Solution File, Format Version 9.00
# Visual Studio 2005
Project("{FAE04EC0-301F-11D3-BF4B-00C04F79EFBC}") = "WindowsApplication1", "WindowsApplication1\WindowsApplication1.csproj", "{26055113-3D0A-48FA-9CF6-00AB04694884}"
EndProject
Global
	GlobalSection(TeamFoundationVersionControl) = preSolution
		SccNumberOfProjects = 2
		SccEnterpriseProvider = {4CA58AB2-18FA-4F8D-95D4-32DDF27D184C}
		SccTeamFoundationServer = http://server2003:8080/
		SccLocalPath0 = .
		SccProjectUniqueName1 = WindowsApplication1\\WindowsApplication1.csproj
		SccProjectName1 = WindowsApplication1
		SccLocalPath1 = WindowsApplication1
	EndGlobalSection
	GlobalSection(SolutionConfigurationPlatforms) = preSolution
		Debug|Any CPU = Debug|Any CPU
		Release|Any CPU = Release|Any CPU
	EndGlobalSection
	GlobalSection(ProjectConfigurationPlatforms) = postSolution
		{26055113-3D0A-48FA-9CF6-00AB04694884}.Debug|Any CPU.ActiveCfg = Debug|Any CPU
		{26055113-3D0A-48FA-9CF6-00AB04694884}.Debug|Any CPU.Build.0 = Debug|Any CPU
		{26055113-3D0A-48FA-9CF6-00AB04694884}.Release|Any CPU.ActiveCfg = Release|Any CPU
		{26055113-3D0A-48FA-9CF6-00AB04694884}.Release|Any CPU.Build.0 = Release|Any CPU
	EndGlobalSection
	GlobalSection(SolutionProperties) = preSolution
		HideSolutionNode = FALSE
	EndGlobalSection
EndGlobal
