Microsoft Visual Studio Solution File, Format Version 8.00
Project("{FAE04EC0-301F-11D3-BF4B-00C04F79EFBC}") = "UIUnitTest", "UIUnitTest.csproj", "{17A48F33-8B05-416D-80E9-74BA35147A55}"
	ProjectSection(ProjectDependencies) = postProject
	EndProjectSection
EndProject
Global
	GlobalSection(SolutionConfiguration) = preSolution
		Clientele Package = Clientele Package
		Debug = Debug
		Release = Release
	EndGlobalSection
	GlobalSection(ProjectConfiguration) = postSolution
		{17A48F33-8B05-416D-80E9-74BA35147A55}.Clientele Package.ActiveCfg = Release|.NET
		{17A48F33-8B05-416D-80E9-74BA35147A55}.Clientele Package.Build.0 = Release|.NET
		{17A48F33-8B05-416D-80E9-74BA35147A55}.Debug.ActiveCfg = Debug|.NET
		{17A48F33-8B05-416D-80E9-74BA35147A55}.Debug.Build.0 = Debug|.NET
		{17A48F33-8B05-416D-80E9-74BA35147A55}.Release.ActiveCfg = Release|.NET
		{17A48F33-8B05-416D-80E9-74BA35147A55}.Release.Build.0 = Release|.NET
	EndGlobalSection
	GlobalSection(ExtensibilityGlobals) = postSolution
	EndGlobalSection
	GlobalSection(ExtensibilityAddIns) = postSolution
	EndGlobalSection
EndGlobal
