
Microsoft Visual Studio Solution File, Format Version 9.00
# Visual Studio 2005
Project("{E24C65DC-7377-472B-9ABA-BC803B73C61A}") = "C:\...\FileUpload\", ".", "{8D7DDE4C-8BCC-4E9E-88CC-BA00FBE66A38}"
	ProjectSection(WebsiteProperties) = preProject
		Debug.AspNetCompiler.VirtualPath = "/FileUpload"
		Debug.AspNetCompiler.PhysicalPath = "..\FileUpload\"
		Debug.AspNetCompiler.TargetPath = "PrecompiledWeb\FileUpload\"
		Debug.AspNetCompiler.Updateable = "true"
		Debug.AspNetCompiler.ForceOverwrite = "true"
		Debug.AspNetCompiler.FixedNames = "false"
		Debug.AspNetCompiler.Debug = "True"
		Release.AspNetCompiler.VirtualPath = "/FileUpload"
		Release.AspNetCompiler.PhysicalPath = "..\FileUpload\"
		Release.AspNetCompiler.TargetPath = "PrecompiledWeb\FileUpload\"
		Release.AspNetCompiler.Updateable = "true"
		Release.AspNetCompiler.ForceOverwrite = "true"
		Release.AspNetCompiler.FixedNames = "false"
		Release.AspNetCompiler.Debug = "False"
		VWDPort = "61945"
	EndProjectSection
EndProject
Global
	GlobalSection(SolutionConfigurationPlatforms) = preSolution
		Debug|.NET = Debug|.NET
	EndGlobalSection
	GlobalSection(ProjectConfigurationPlatforms) = postSolution
		{8D7DDE4C-8BCC-4E9E-88CC-BA00FBE66A38}.Debug|.NET.ActiveCfg = Debug|.NET
		{8D7DDE4C-8BCC-4E9E-88CC-BA00FBE66A38}.Debug|.NET.Build.0 = Debug|.NET
	EndGlobalSection
	GlobalSection(SolutionProperties) = preSolution
		HideSolutionNode = FALSE
	EndGlobalSection
EndGlobal
